// !$*UTF8*$!
{
	archiveVersion = 1;
	classes = {
	};
	objectVersion = 77;
	objects = {

/* Begin PBXBuildFile section */
		BD1186F12CD5527400FF4180 /* Array+Extension.swift in Sources */ = {isa = PBXBuildFile; fileRef = BD1186F02CD5527400FF4180 /* Array+Extension.swift */; };
		BD1186F42CD5530D00FF4180 /* View+Extension.swift in Sources */ = {isa = PBXBuildFile; fileRef = BD1186F32CD5530D00FF4180 /* View+Extension.swift */; };
		BD1186F62CD5531400FF4180 /* Font+Extension.swift in Sources */ = {isa = PBXBuildFile; fileRef = BD1186F52CD5531400FF4180 /* Font+Extension.swift */; };
		BD1186FE2CD5FC5500FF4180 /* RouzzleButton.swift in Sources */ = {isa = PBXBuildFile; fileRef = BD1186FD2CD5FC5500FF4180 /* RouzzleButton.swift */; };
		BD1187072CD600E800FF4180 /* RoutineUser.swift in Sources */ = {isa = PBXBuildFile; fileRef = BD1187062CD600D200FF4180 /* RoutineUser.swift */; };
		BD1187092CD6010D00FF4180 /* LoginView.swift in Sources */ = {isa = PBXBuildFile; fileRef = BD1187082CD6010B00FF4180 /* LoginView.swift */; };
		BD11870B2CD6011400FF4180 /* LoginViewModel.swift in Sources */ = {isa = PBXBuildFile; fileRef = BD11870A2CD6011100FF4180 /* LoginViewModel.swift */; };
		BDD719E02CD4A8AA00AE0977 /* Assets.xcassets in Resources */ = {isa = PBXBuildFile; fileRef = BDD719DC2CD4A8AA00AE0977 /* Assets.xcassets */; };
		BDD719E22CD4A8AA00AE0977 /* RouzzleApp.swift in Sources */ = {isa = PBXBuildFile; fileRef = BDD719DE2CD4A8AA00AE0977 /* RouzzleApp.swift */; };
		BDD719E62CD4A8E100AE0977 /* .swiftlint.yml in Resources */ = {isa = PBXBuildFile; fileRef = BDD719E52CD4A8E100AE0977 /* .swiftlint.yml */; };
		FB2A5A672CD5F67000CB981A /* Factory in Frameworks */ = {isa = PBXBuildFile; productRef = FB2A5A662CD5F67000CB981A /* Factory */; };
		FB2A5A6A2CD5F69A00CB981A /* GoogleSignIn in Frameworks */ = {isa = PBXBuildFile; productRef = FB2A5A692CD5F69A00CB981A /* GoogleSignIn */; };
		FB2A5A6C2CD5F69A00CB981A /* GoogleSignInSwift in Frameworks */ = {isa = PBXBuildFile; productRef = FB2A5A6B2CD5F69A00CB981A /* GoogleSignInSwift */; };
		FB2A5A6F2CD5F6CD00CB981A /* KakaoSDKAuth in Frameworks */ = {isa = PBXBuildFile; productRef = FB2A5A6E2CD5F6CD00CB981A /* KakaoSDKAuth */; };
		FB2A5A722CD5F75200CB981A /* FirebaseAuth in Frameworks */ = {isa = PBXBuildFile; productRef = FB2A5A712CD5F75200CB981A /* FirebaseAuth */; };
		FB2A5A742CD5F75200CB981A /* FirebaseFirestore in Frameworks */ = {isa = PBXBuildFile; productRef = FB2A5A732CD5F75200CB981A /* FirebaseFirestore */; };
		FB2A5A762CD5F75200CB981A /* FirebaseMessaging in Frameworks */ = {isa = PBXBuildFile; productRef = FB2A5A752CD5F75200CB981A /* FirebaseMessaging */; };
		FB2A5A782CD5F75200CB981A /* FirebaseStorage in Frameworks */ = {isa = PBXBuildFile; productRef = FB2A5A772CD5F75200CB981A /* FirebaseStorage */; };
		FB2A5A7A2CD5F8A100CB981A /* FirebaseCore in Frameworks */ = {isa = PBXBuildFile; productRef = FB2A5A792CD5F8A100CB981A /* FirebaseCore */; };
		FB2A5A7C2CD5F96600CB981A /* GoogleService-Info.plist in Resources */ = {isa = PBXBuildFile; fileRef = FB2A5A7B2CD5F96600CB981A /* GoogleService-Info.plist */; };
		FB2A5A902CD7A2C400CB981A /* AuthError.swift in Sources */ = {isa = PBXBuildFile; fileRef = FB2A5A8F2CD7A2C400CB981A /* AuthError.swift */; };
		FB2A5A942CD7B23600CB981A /* SignUpButtonModifier.swift in Sources */ = {isa = PBXBuildFile; fileRef = FB2A5A932CD7B23600CB981A /* SignUpButtonModifier.swift */; };
		FB2A5A962CD7B48A00CB981A /* Container.swift in Sources */ = {isa = PBXBuildFile; fileRef = FB2A5A952CD7B48A00CB981A /* Container.swift */; };
		FB2A5A982CD7B60300CB981A /* AuthService.swift in Sources */ = {isa = PBXBuildFile; fileRef = FB2A5A972CD7B60300CB981A /* AuthService.swift */; };
		FB2A5A9A2CD7BF9200CB981A /* LoadState.swift in Sources */ = {isa = PBXBuildFile; fileRef = FB2A5A992CD7BF9200CB981A /* LoadState.swift */; };
/* End PBXBuildFile section */

/* Begin PBXFileReference section */
		BD1186F02CD5527400FF4180 /* Array+Extension.swift */ = {isa = PBXFileReference; lastKnownFileType = sourcecode.swift; path = "Array+Extension.swift"; sourceTree = "<group>"; };
		BD1186F32CD5530D00FF4180 /* View+Extension.swift */ = {isa = PBXFileReference; lastKnownFileType = sourcecode.swift; path = "View+Extension.swift"; sourceTree = "<group>"; };
		BD1186F52CD5531400FF4180 /* Font+Extension.swift */ = {isa = PBXFileReference; lastKnownFileType = sourcecode.swift; path = "Font+Extension.swift"; sourceTree = "<group>"; };
		BD1186FD2CD5FC5500FF4180 /* RouzzleButton.swift */ = {isa = PBXFileReference; lastKnownFileType = sourcecode.swift; path = RouzzleButton.swift; sourceTree = "<group>"; };
		BD1187062CD600D200FF4180 /* RoutineUser.swift */ = {isa = PBXFileReference; lastKnownFileType = sourcecode.swift; path = RoutineUser.swift; sourceTree = "<group>"; };
		BD1187082CD6010B00FF4180 /* LoginView.swift */ = {isa = PBXFileReference; lastKnownFileType = sourcecode.swift; path = LoginView.swift; sourceTree = "<group>"; };
		BD11870A2CD6011100FF4180 /* LoginViewModel.swift */ = {isa = PBXFileReference; lastKnownFileType = sourcecode.swift; path = LoginViewModel.swift; sourceTree = "<group>"; };
		BDD719CB2CD4A89800AE0977 /* Rouzzle.app */ = {isa = PBXFileReference; explicitFileType = wrapper.application; includeInIndex = 0; path = Rouzzle.app; sourceTree = BUILT_PRODUCTS_DIR; };
		BDD719DC2CD4A8AA00AE0977 /* Assets.xcassets */ = {isa = PBXFileReference; lastKnownFileType = folder.assetcatalog; path = Assets.xcassets; sourceTree = "<group>"; };
		BDD719DE2CD4A8AA00AE0977 /* RouzzleApp.swift */ = {isa = PBXFileReference; lastKnownFileType = sourcecode.swift; path = RouzzleApp.swift; sourceTree = "<group>"; };
		BDD719E52CD4A8E100AE0977 /* .swiftlint.yml */ = {isa = PBXFileReference; lastKnownFileType = text.yaml; path = .swiftlint.yml; sourceTree = "<group>"; };
		FB2A5A7B2CD5F96600CB981A /* GoogleService-Info.plist */ = {isa = PBXFileReference; lastKnownFileType = text.plist.xml; path = "GoogleService-Info.plist"; sourceTree = "<group>"; };
		FB2A5A8F2CD7A2C400CB981A /* AuthError.swift */ = {isa = PBXFileReference; lastKnownFileType = sourcecode.swift; path = AuthError.swift; sourceTree = "<group>"; };
		FB2A5A912CD7A31200CB981A /* Info.plist */ = {isa = PBXFileReference; lastKnownFileType = text.plist; path = Info.plist; sourceTree = "<group>"; };
		FB2A5A932CD7B23600CB981A /* SignUpButtonModifier.swift */ = {isa = PBXFileReference; lastKnownFileType = sourcecode.swift; path = SignUpButtonModifier.swift; sourceTree = "<group>"; };
		FB2A5A952CD7B48A00CB981A /* Container.swift */ = {isa = PBXFileReference; lastKnownFileType = sourcecode.swift; path = Container.swift; sourceTree = "<group>"; };
		FB2A5A972CD7B60300CB981A /* AuthService.swift */ = {isa = PBXFileReference; lastKnownFileType = sourcecode.swift; path = AuthService.swift; sourceTree = "<group>"; };
		FB2A5A992CD7BF9200CB981A /* LoadState.swift */ = {isa = PBXFileReference; lastKnownFileType = sourcecode.swift; path = LoadState.swift; sourceTree = "<group>"; };
/* End PBXFileReference section */

/* Begin PBXFrameworksBuildPhase section */
		BDD719C82CD4A89800AE0977 /* Frameworks */ = {
			isa = PBXFrameworksBuildPhase;
			buildActionMask = 2147483647;
			files = (
				FB2A5A6C2CD5F69A00CB981A /* GoogleSignInSwift in Frameworks */,
				FB2A5A722CD5F75200CB981A /* FirebaseAuth in Frameworks */,
				FB2A5A762CD5F75200CB981A /* FirebaseMessaging in Frameworks */,
				FB2A5A672CD5F67000CB981A /* Factory in Frameworks */,
				FB2A5A6A2CD5F69A00CB981A /* GoogleSignIn in Frameworks */,
				FB2A5A782CD5F75200CB981A /* FirebaseStorage in Frameworks */,
				FB2A5A6F2CD5F6CD00CB981A /* KakaoSDKAuth in Frameworks */,
				FB2A5A7A2CD5F8A100CB981A /* FirebaseCore in Frameworks */,
				FB2A5A742CD5F75200CB981A /* FirebaseFirestore in Frameworks */,
			);
			runOnlyForDeploymentPostprocessing = 0;
		};
/* End PBXFrameworksBuildPhase section */

/* Begin PBXGroup section */
		BD1186EF2CD5521C00FF4180 /* Utils */ = {
			isa = PBXGroup;
			children = (
				FB2A5A922CD7B22000CB981A /* Modifier */,
				BD1186F72CD553BB00FF4180 /* Component */,
				BD1186F22CD5527D00FF4180 /* Extensions */,
			);
			path = Utils;
			sourceTree = "<group>";
		};
		BD1186F22CD5527D00FF4180 /* Extensions */ = {
			isa = PBXGroup;
			children = (
				BD1186F02CD5527400FF4180 /* Array+Extension.swift */,
				BD1186F32CD5530D00FF4180 /* View+Extension.swift */,
				BD1186F52CD5531400FF4180 /* Font+Extension.swift */,
			);
			path = Extensions;
			sourceTree = "<group>";
		};
		BD1186F72CD553BB00FF4180 /* Component */ = {
			isa = PBXGroup;
			children = (
				BD1186FD2CD5FC5500FF4180 /* RouzzleButton.swift */,
				FB2A5A992CD7BF9200CB981A /* LoadState.swift */,
			);
			path = Component;
			sourceTree = "<group>";
		};
		BD1186FF2CD6006C00FF4180 /* Resources */ = {
			isa = PBXGroup;
			children = (
				FB2A5A7B2CD5F96600CB981A /* GoogleService-Info.plist */,
				BDD719DC2CD4A8AA00AE0977 /* Assets.xcassets */,
			);
			path = Resources;
			sourceTree = "<group>";
		};
		BD1187002CD6009600FF4180 /* App */ = {
			isa = PBXGroup;
			children = (
				BDD719DE2CD4A8AA00AE0977 /* RouzzleApp.swift */,
				FB2A5A952CD7B48A00CB981A /* Container.swift */,
			);
			path = App;
			sourceTree = "<group>";
		};
		BD1187012CD6009E00FF4180 /* Features */ = {
			isa = PBXGroup;
			children = (
				BD1187022CD600AF00FF4180 /* Login */,
			);
			path = Features;
			sourceTree = "<group>";
		};
		BD1187022CD600AF00FF4180 /* Login */ = {
			isa = PBXGroup;
			children = (
				BD1187032CD600B400FF4180 /* Model */,
				BD1187052CD600C200FF4180 /* View */,
				BD1187042CD600BA00FF4180 /* ViewModel */,
			);
			path = Login;
			sourceTree = "<group>";
		};
		BD1187032CD600B400FF4180 /* Model */ = {
			isa = PBXGroup;
			children = (
				BD1187062CD600D200FF4180 /* RoutineUser.swift */,
			);
			path = Model;
			sourceTree = "<group>";
		};
		BD1187042CD600BA00FF4180 /* ViewModel */ = {
			isa = PBXGroup;
			children = (
				BD11870A2CD6011100FF4180 /* LoginViewModel.swift */,
			);
			path = ViewModel;
			sourceTree = "<group>";
		};
		BD1187052CD600C200FF4180 /* View */ = {
			isa = PBXGroup;
			children = (
				BD1187082CD6010B00FF4180 /* LoginView.swift */,
			);
			path = View;
			sourceTree = "<group>";
		};
		BD11870C2CD6016B00FF4180 /* Services */ = {
			isa = PBXGroup;
			children = (
				FB2A5A8E2CD7A2B300CB981A /* ServiceError */,
				FB2A5A972CD7B60300CB981A /* AuthService.swift */,
			);
			path = Services;
			sourceTree = "<group>";
		};
		BDD719C22CD4A89800AE0977 = {
			isa = PBXGroup;
			children = (
				BDD719DF2CD4A8AA00AE0977 /* Rouzzle */,
				BDD719CC2CD4A89800AE0977 /* Products */,
			);
			sourceTree = "<group>";
		};
		BDD719CC2CD4A89800AE0977 /* Products */ = {
			isa = PBXGroup;
			children = (
				BDD719CB2CD4A89800AE0977 /* Rouzzle.app */,
			);
			name = Products;
			sourceTree = "<group>";
		};
		BDD719DF2CD4A8AA00AE0977 /* Rouzzle */ = {
			isa = PBXGroup;
			children = (
				FB2A5A912CD7A31200CB981A /* Info.plist */,
				BDD719E52CD4A8E100AE0977 /* .swiftlint.yml */,
				BD1187002CD6009600FF4180 /* App */,
				BD1187012CD6009E00FF4180 /* Features */,
				BD11870C2CD6016B00FF4180 /* Services */,
				BD1186EF2CD5521C00FF4180 /* Utils */,
				BD1186FF2CD6006C00FF4180 /* Resources */,
			);
			path = Rouzzle;
			sourceTree = "<group>";
		};
		FB2A5A8E2CD7A2B300CB981A /* ServiceError */ = {
			isa = PBXGroup;
			children = (
				FB2A5A8F2CD7A2C400CB981A /* AuthError.swift */,
			);
			path = ServiceError;
			sourceTree = "<group>";
		};
		FB2A5A922CD7B22000CB981A /* Modifier */ = {
			isa = PBXGroup;
			children = (
				FB2A5A932CD7B23600CB981A /* SignUpButtonModifier.swift */,
			);
			path = Modifier;
			sourceTree = "<group>";
		};
/* End PBXGroup section */

/* Begin PBXNativeTarget section */
		BDD719CA2CD4A89800AE0977 /* Rouzzle */ = {
			isa = PBXNativeTarget;
			buildConfigurationList = BDD719D92CD4A89A00AE0977 /* Build configuration list for PBXNativeTarget "Rouzzle" */;
			buildPhases = (
				BDD719C72CD4A89800AE0977 /* Sources */,
				BDD719C82CD4A89800AE0977 /* Frameworks */,
				BDD719C92CD4A89800AE0977 /* Resources */,
				BDD719E72CD4A90500AE0977 /* ShellScript */,
			);
			buildRules = (
			);
			dependencies = (
			);
			name = Rouzzle;
			packageProductDependencies = (
				FB2A5A662CD5F67000CB981A /* Factory */,
				FB2A5A692CD5F69A00CB981A /* GoogleSignIn */,
				FB2A5A6B2CD5F69A00CB981A /* GoogleSignInSwift */,
				FB2A5A6E2CD5F6CD00CB981A /* KakaoSDKAuth */,
				FB2A5A712CD5F75200CB981A /* FirebaseAuth */,
				FB2A5A732CD5F75200CB981A /* FirebaseFirestore */,
				FB2A5A752CD5F75200CB981A /* FirebaseMessaging */,
				FB2A5A772CD5F75200CB981A /* FirebaseStorage */,
				FB2A5A792CD5F8A100CB981A /* FirebaseCore */,
			);
			productName = Rouzzle;
			productReference = BDD719CB2CD4A89800AE0977 /* Rouzzle.app */;
			productType = "com.apple.product-type.application";
		};
/* End PBXNativeTarget section */

/* Begin PBXProject section */
		BDD719C32CD4A89800AE0977 /* Project object */ = {
			isa = PBXProject;
			attributes = {
				BuildIndependentTargetsInParallel = 1;
				LastSwiftUpdateCheck = 1600;
				LastUpgradeCheck = 1600;
				TargetAttributes = {
					BDD719CA2CD4A89800AE0977 = {
						CreatedOnToolsVersion = 16.0;
					};
				};
			};
			buildConfigurationList = BDD719C62CD4A89800AE0977 /* Build configuration list for PBXProject "Rouzzle" */;
			developmentRegion = en;
			hasScannedForEncodings = 0;
			knownRegions = (
				en,
				Base,
			);
			mainGroup = BDD719C22CD4A89800AE0977;
			minimizedProjectReferenceProxies = 1;
			packageReferences = (
				FB2A5A652CD5F67000CB981A /* XCRemoteSwiftPackageReference "Factory" */,
				FB2A5A682CD5F69A00CB981A /* XCRemoteSwiftPackageReference "GoogleSignIn-iOS" */,
				FB2A5A6D2CD5F6CD00CB981A /* XCRemoteSwiftPackageReference "kakao-ios-sdk" */,
				FB2A5A702CD5F75200CB981A /* XCRemoteSwiftPackageReference "firebase-ios-sdk" */,
			);
			preferredProjectObjectVersion = 77;
			productRefGroup = BDD719CC2CD4A89800AE0977 /* Products */;
			projectDirPath = "";
			projectRoot = "";
			targets = (
				BDD719CA2CD4A89800AE0977 /* Rouzzle */,
			);
		};
/* End PBXProject section */

/* Begin PBXResourcesBuildPhase section */
		BDD719C92CD4A89800AE0977 /* Resources */ = {
			isa = PBXResourcesBuildPhase;
			buildActionMask = 2147483647;
			files = (
				BDD719E62CD4A8E100AE0977 /* .swiftlint.yml in Resources */,
				BDD719E02CD4A8AA00AE0977 /* Assets.xcassets in Resources */,
				FB2A5A7C2CD5F96600CB981A /* GoogleService-Info.plist in Resources */,
			);
			runOnlyForDeploymentPostprocessing = 0;
		};
/* End PBXResourcesBuildPhase section */

/* Begin PBXShellScriptBuildPhase section */
		BDD719E72CD4A90500AE0977 /* ShellScript */ = {
			isa = PBXShellScriptBuildPhase;
			alwaysOutOfDate = 1;
			buildActionMask = 2147483647;
			files = (
			);
			inputFileListPaths = (
			);
			inputPaths = (
			);
			outputFileListPaths = (
			);
			outputPaths = (
			);
			runOnlyForDeploymentPostprocessing = 0;
			shellPath = /bin/sh;
			shellScript = "# Type a script or drag a script file from your workspace to insert its path.\nif [[ \"$(uname -m)\" == arm64 ]]; then\n    export PATH=\"/opt/homebrew/bin:$PATH\"\nfi\n\nif which swiftlint > /dev/null; then\n  swiftlint\nelse\n  echo \"warning: SwiftLint not installed, download from https://github.com/realm/SwiftLint\"\nfi\n";
		};
/* End PBXShellScriptBuildPhase section */

/* Begin PBXSourcesBuildPhase section */
		BDD719C72CD4A89800AE0977 /* Sources */ = {
			isa = PBXSourcesBuildPhase;
			buildActionMask = 2147483647;
			files = (
				BD1186F12CD5527400FF4180 /* Array+Extension.swift in Sources */,
				FB2A5A9A2CD7BF9200CB981A /* LoadState.swift in Sources */,
				BD1186FE2CD5FC5500FF4180 /* RouzzleButton.swift in Sources */,
				BD1186F62CD5531400FF4180 /* Font+Extension.swift in Sources */,
				FB2A5A982CD7B60300CB981A /* AuthService.swift in Sources */,
				BD1187072CD600E800FF4180 /* RoutineUser.swift in Sources */,
				FB2A5A962CD7B48A00CB981A /* Container.swift in Sources */,
				BD1186F42CD5530D00FF4180 /* View+Extension.swift in Sources */,
				BD1187092CD6010D00FF4180 /* LoginView.swift in Sources */,
				FB2A5A942CD7B23600CB981A /* SignUpButtonModifier.swift in Sources */,
				FB2A5A902CD7A2C400CB981A /* AuthError.swift in Sources */,
				BDD719E22CD4A8AA00AE0977 /* RouzzleApp.swift in Sources */,
				BD11870B2CD6011400FF4180 /* LoginViewModel.swift in Sources */,
			);
			runOnlyForDeploymentPostprocessing = 0;
		};
/* End PBXSourcesBuildPhase section */

/* Begin XCBuildConfiguration section */
		BDD719D72CD4A89A00AE0977 /* Debug */ = {
			isa = XCBuildConfiguration;
			buildSettings = {
				ALWAYS_SEARCH_USER_PATHS = NO;
				ASSETCATALOG_COMPILER_GENERATE_SWIFT_ASSET_SYMBOL_EXTENSIONS = YES;
				CLANG_ANALYZER_NONNULL = YES;
				CLANG_ANALYZER_NUMBER_OBJECT_CONVERSION = YES_AGGRESSIVE;
				CLANG_CXX_LANGUAGE_STANDARD = "gnu++20";
				CLANG_ENABLE_MODULES = YES;
				CLANG_ENABLE_OBJC_ARC = YES;
				CLANG_ENABLE_OBJC_WEAK = YES;
				CLANG_WARN_BLOCK_CAPTURE_AUTORELEASING = YES;
				CLANG_WARN_BOOL_CONVERSION = YES;
				CLANG_WARN_COMMA = YES;
				CLANG_WARN_CONSTANT_CONVERSION = YES;
				CLANG_WARN_DEPRECATED_OBJC_IMPLEMENTATIONS = YES;
				CLANG_WARN_DIRECT_OBJC_ISA_USAGE = YES_ERROR;
				CLANG_WARN_DOCUMENTATION_COMMENTS = YES;
				CLANG_WARN_EMPTY_BODY = YES;
				CLANG_WARN_ENUM_CONVERSION = YES;
				CLANG_WARN_INFINITE_RECURSION = YES;
				CLANG_WARN_INT_CONVERSION = YES;
				CLANG_WARN_NON_LITERAL_NULL_CONVERSION = YES;
				CLANG_WARN_OBJC_IMPLICIT_RETAIN_SELF = YES;
				CLANG_WARN_OBJC_LITERAL_CONVERSION = YES;
				CLANG_WARN_OBJC_ROOT_CLASS = YES_ERROR;
				CLANG_WARN_QUOTED_INCLUDE_IN_FRAMEWORK_HEADER = YES;
				CLANG_WARN_RANGE_LOOP_ANALYSIS = YES;
				CLANG_WARN_STRICT_PROTOTYPES = YES;
				CLANG_WARN_SUSPICIOUS_MOVE = YES;
				CLANG_WARN_UNGUARDED_AVAILABILITY = YES_AGGRESSIVE;
				CLANG_WARN_UNREACHABLE_CODE = YES;
				CLANG_WARN__DUPLICATE_METHOD_MATCH = YES;
				COPY_PHASE_STRIP = NO;
				DEBUG_INFORMATION_FORMAT = dwarf;
				ENABLE_STRICT_OBJC_MSGSEND = YES;
				ENABLE_TESTABILITY = YES;
				ENABLE_USER_SCRIPT_SANDBOXING = NO;
				GCC_C_LANGUAGE_STANDARD = gnu17;
				GCC_DYNAMIC_NO_PIC = NO;
				GCC_NO_COMMON_BLOCKS = YES;
				GCC_OPTIMIZATION_LEVEL = 0;
				GCC_PREPROCESSOR_DEFINITIONS = (
					"DEBUG=1",
					"$(inherited)",
				);
				GCC_WARN_64_TO_32_BIT_CONVERSION = YES;
				GCC_WARN_ABOUT_RETURN_TYPE = YES_ERROR;
				GCC_WARN_UNDECLARED_SELECTOR = YES;
				GCC_WARN_UNINITIALIZED_AUTOS = YES_AGGRESSIVE;
				GCC_WARN_UNUSED_FUNCTION = YES;
				GCC_WARN_UNUSED_VARIABLE = YES;
				IPHONEOS_DEPLOYMENT_TARGET = 18.0;
				LOCALIZATION_PREFERS_STRING_CATALOGS = YES;
				MTL_ENABLE_DEBUG_INFO = INCLUDE_SOURCE;
				MTL_FAST_MATH = YES;
				ONLY_ACTIVE_ARCH = YES;
				SDKROOT = iphoneos;
				SWIFT_ACTIVE_COMPILATION_CONDITIONS = "DEBUG $(inherited)";
				SWIFT_OPTIMIZATION_LEVEL = "-Onone";
			};
			name = Debug;
		};
		BDD719D82CD4A89A00AE0977 /* Release */ = {
			isa = XCBuildConfiguration;
			buildSettings = {
				ALWAYS_SEARCH_USER_PATHS = NO;
				ASSETCATALOG_COMPILER_GENERATE_SWIFT_ASSET_SYMBOL_EXTENSIONS = YES;
				CLANG_ANALYZER_NONNULL = YES;
				CLANG_ANALYZER_NUMBER_OBJECT_CONVERSION = YES_AGGRESSIVE;
				CLANG_CXX_LANGUAGE_STANDARD = "gnu++20";
				CLANG_ENABLE_MODULES = YES;
				CLANG_ENABLE_OBJC_ARC = YES;
				CLANG_ENABLE_OBJC_WEAK = YES;
				CLANG_WARN_BLOCK_CAPTURE_AUTORELEASING = YES;
				CLANG_WARN_BOOL_CONVERSION = YES;
				CLANG_WARN_COMMA = YES;
				CLANG_WARN_CONSTANT_CONVERSION = YES;
				CLANG_WARN_DEPRECATED_OBJC_IMPLEMENTATIONS = YES;
				CLANG_WARN_DIRECT_OBJC_ISA_USAGE = YES_ERROR;
				CLANG_WARN_DOCUMENTATION_COMMENTS = YES;
				CLANG_WARN_EMPTY_BODY = YES;
				CLANG_WARN_ENUM_CONVERSION = YES;
				CLANG_WARN_INFINITE_RECURSION = YES;
				CLANG_WARN_INT_CONVERSION = YES;
				CLANG_WARN_NON_LITERAL_NULL_CONVERSION = YES;
				CLANG_WARN_OBJC_IMPLICIT_RETAIN_SELF = YES;
				CLANG_WARN_OBJC_LITERAL_CONVERSION = YES;
				CLANG_WARN_OBJC_ROOT_CLASS = YES_ERROR;
				CLANG_WARN_QUOTED_INCLUDE_IN_FRAMEWORK_HEADER = YES;
				CLANG_WARN_RANGE_LOOP_ANALYSIS = YES;
				CLANG_WARN_STRICT_PROTOTYPES = YES;
				CLANG_WARN_SUSPICIOUS_MOVE = YES;
				CLANG_WARN_UNGUARDED_AVAILABILITY = YES_AGGRESSIVE;
				CLANG_WARN_UNREACHABLE_CODE = YES;
				CLANG_WARN__DUPLICATE_METHOD_MATCH = YES;
				COPY_PHASE_STRIP = NO;
				DEBUG_INFORMATION_FORMAT = "dwarf-with-dsym";
				ENABLE_NS_ASSERTIONS = NO;
				ENABLE_STRICT_OBJC_MSGSEND = YES;
				ENABLE_USER_SCRIPT_SANDBOXING = NO;
				GCC_C_LANGUAGE_STANDARD = gnu17;
				GCC_NO_COMMON_BLOCKS = YES;
				GCC_WARN_64_TO_32_BIT_CONVERSION = YES;
				GCC_WARN_ABOUT_RETURN_TYPE = YES_ERROR;
				GCC_WARN_UNDECLARED_SELECTOR = YES;
				GCC_WARN_UNINITIALIZED_AUTOS = YES_AGGRESSIVE;
				GCC_WARN_UNUSED_FUNCTION = YES;
				GCC_WARN_UNUSED_VARIABLE = YES;
				IPHONEOS_DEPLOYMENT_TARGET = 18.0;
				LOCALIZATION_PREFERS_STRING_CATALOGS = YES;
				MTL_ENABLE_DEBUG_INFO = NO;
				MTL_FAST_MATH = YES;
				SDKROOT = iphoneos;
				SWIFT_COMPILATION_MODE = wholemodule;
				VALIDATE_PRODUCT = YES;
			};
			name = Release;
		};
		BDD719DA2CD4A89A00AE0977 /* Debug */ = {
			isa = XCBuildConfiguration;
			buildSettings = {
				ASSETCATALOG_COMPILER_APPICON_NAME = AppIcon;
				ASSETCATALOG_COMPILER_GLOBAL_ACCENT_COLOR_NAME = AccentColor;
				CODE_SIGN_STYLE = Automatic;
				CURRENT_PROJECT_VERSION = 1;
				DEVELOPMENT_TEAM = 6R3M7VGRP2;
				ENABLE_PREVIEWS = YES;
				ENABLE_USER_SCRIPT_SANDBOXING = NO;
				GENERATE_INFOPLIST_FILE = YES;
				INFOPLIST_FILE = Rouzzle/Info.plist;
				INFOPLIST_KEY_UIApplicationSceneManifest_Generation = YES;
				INFOPLIST_KEY_UIApplicationSupportsIndirectInputEvents = YES;
				INFOPLIST_KEY_UILaunchScreen_Generation = YES;
				INFOPLIST_KEY_UISupportedInterfaceOrientations_iPad = "UIInterfaceOrientationPortrait UIInterfaceOrientationPortraitUpsideDown UIInterfaceOrientationLandscapeLeft UIInterfaceOrientationLandscapeRight";
				INFOPLIST_KEY_UISupportedInterfaceOrientations_iPhone = "UIInterfaceOrientationPortrait UIInterfaceOrientationLandscapeLeft UIInterfaceOrientationLandscapeRight";
				IPHONEOS_DEPLOYMENT_TARGET = 17.0;
				LD_RUNPATH_SEARCH_PATHS = (
					"$(inherited)",
					"@executable_path/Frameworks",
				);
				MARKETING_VERSION = 1.0;
				PRODUCT_BUNDLE_IDENTIFIER = techit.Rouzzle;
				PRODUCT_NAME = "$(TARGET_NAME)";
				SWIFT_EMIT_LOC_STRINGS = YES;
				SWIFT_VERSION = 5.0;
				TARGETED_DEVICE_FAMILY = "1,2";
			};
			name = Debug;
		};
		BDD719DB2CD4A89A00AE0977 /* Release */ = {
			isa = XCBuildConfiguration;
			buildSettings = {
				ASSETCATALOG_COMPILER_APPICON_NAME = AppIcon;
				ASSETCATALOG_COMPILER_GLOBAL_ACCENT_COLOR_NAME = AccentColor;
				CODE_SIGN_STYLE = Automatic;
				CURRENT_PROJECT_VERSION = 1;
				DEVELOPMENT_TEAM = 6R3M7VGRP2;
				ENABLE_PREVIEWS = YES;
				ENABLE_USER_SCRIPT_SANDBOXING = NO;
				GENERATE_INFOPLIST_FILE = YES;
				INFOPLIST_FILE = Rouzzle/Info.plist;
				INFOPLIST_KEY_UIApplicationSceneManifest_Generation = YES;
				INFOPLIST_KEY_UIApplicationSupportsIndirectInputEvents = YES;
				INFOPLIST_KEY_UILaunchScreen_Generation = YES;
				INFOPLIST_KEY_UISupportedInterfaceOrientations_iPad = "UIInterfaceOrientationPortrait UIInterfaceOrientationPortraitUpsideDown UIInterfaceOrientationLandscapeLeft UIInterfaceOrientationLandscapeRight";
				INFOPLIST_KEY_UISupportedInterfaceOrientations_iPhone = "UIInterfaceOrientationPortrait UIInterfaceOrientationLandscapeLeft UIInterfaceOrientationLandscapeRight";
				IPHONEOS_DEPLOYMENT_TARGET = 17.0;
				LD_RUNPATH_SEARCH_PATHS = (
					"$(inherited)",
					"@executable_path/Frameworks",
				);
				MARKETING_VERSION = 1.0;
				PRODUCT_BUNDLE_IDENTIFIER = techit.Rouzzle;
				PRODUCT_NAME = "$(TARGET_NAME)";
				SWIFT_EMIT_LOC_STRINGS = YES;
				SWIFT_VERSION = 5.0;
				TARGETED_DEVICE_FAMILY = "1,2";
			};
			name = Release;
		};
/* End XCBuildConfiguration section */

/* Begin XCConfigurationList section */
		BDD719C62CD4A89800AE0977 /* Build configuration list for PBXProject "Rouzzle" */ = {
			isa = XCConfigurationList;
			buildConfigurations = (
				BDD719D72CD4A89A00AE0977 /* Debug */,
				BDD719D82CD4A89A00AE0977 /* Release */,
			);
			defaultConfigurationIsVisible = 0;
			defaultConfigurationName = Release;
		};
		BDD719D92CD4A89A00AE0977 /* Build configuration list for PBXNativeTarget "Rouzzle" */ = {
			isa = XCConfigurationList;
			buildConfigurations = (
				BDD719DA2CD4A89A00AE0977 /* Debug */,
				BDD719DB2CD4A89A00AE0977 /* Release */,
			);
			defaultConfigurationIsVisible = 0;
			defaultConfigurationName = Release;
		};
/* End XCConfigurationList section */

/* Begin XCRemoteSwiftPackageReference section */
		FB2A5A652CD5F67000CB981A /* XCRemoteSwiftPackageReference "Factory" */ = {
			isa = XCRemoteSwiftPackageReference;
			repositoryURL = "https://github.com/hmlongco/Factory";
			requirement = {
				kind = upToNextMajorVersion;
				minimumVersion = 2.4.1;
			};
		};
		FB2A5A682CD5F69A00CB981A /* XCRemoteSwiftPackageReference "GoogleSignIn-iOS" */ = {
			isa = XCRemoteSwiftPackageReference;
			repositoryURL = "https://github.com/google/GoogleSignIn-iOS";
			requirement = {
				kind = upToNextMajorVersion;
				minimumVersion = 8.0.0;
			};
		};
		FB2A5A6D2CD5F6CD00CB981A /* XCRemoteSwiftPackageReference "kakao-ios-sdk" */ = {
			isa = XCRemoteSwiftPackageReference;
			repositoryURL = "https://github.com/kakao/kakao-ios-sdk";
			requirement = {
				kind = upToNextMajorVersion;
				minimumVersion = 2.23.0;
			};
		};
		FB2A5A702CD5F75200CB981A /* XCRemoteSwiftPackageReference "firebase-ios-sdk" */ = {
			isa = XCRemoteSwiftPackageReference;
			repositoryURL = "https://github.com/firebase/firebase-ios-sdk";
			requirement = {
				kind = upToNextMajorVersion;
				minimumVersion = 11.4.0;
			};
		};
/* End XCRemoteSwiftPackageReference section */

/* Begin XCSwiftPackageProductDependency section */
		FB2A5A662CD5F67000CB981A /* Factory */ = {
			isa = XCSwiftPackageProductDependency;
			package = FB2A5A652CD5F67000CB981A /* XCRemoteSwiftPackageReference "Factory" */;
			productName = Factory;
		};
		FB2A5A692CD5F69A00CB981A /* GoogleSignIn */ = {
			isa = XCSwiftPackageProductDependency;
			package = FB2A5A682CD5F69A00CB981A /* XCRemoteSwiftPackageReference "GoogleSignIn-iOS" */;
			productName = GoogleSignIn;
		};
		FB2A5A6B2CD5F69A00CB981A /* GoogleSignInSwift */ = {
			isa = XCSwiftPackageProductDependency;
			package = FB2A5A682CD5F69A00CB981A /* XCRemoteSwiftPackageReference "GoogleSignIn-iOS" */;
			productName = GoogleSignInSwift;
		};
		FB2A5A6E2CD5F6CD00CB981A /* KakaoSDKAuth */ = {
			isa = XCSwiftPackageProductDependency;
			package = FB2A5A6D2CD5F6CD00CB981A /* XCRemoteSwiftPackageReference "kakao-ios-sdk" */;
			productName = KakaoSDKAuth;
		};
		FB2A5A712CD5F75200CB981A /* FirebaseAuth */ = {
			isa = XCSwiftPackageProductDependency;
			package = FB2A5A702CD5F75200CB981A /* XCRemoteSwiftPackageReference "firebase-ios-sdk" */;
			productName = FirebaseAuth;
		};
		FB2A5A732CD5F75200CB981A /* FirebaseFirestore */ = {
			isa = XCSwiftPackageProductDependency;
			package = FB2A5A702CD5F75200CB981A /* XCRemoteSwiftPackageReference "firebase-ios-sdk" */;
			productName = FirebaseFirestore;
		};
		FB2A5A752CD5F75200CB981A /* FirebaseMessaging */ = {
			isa = XCSwiftPackageProductDependency;
			package = FB2A5A702CD5F75200CB981A /* XCRemoteSwiftPackageReference "firebase-ios-sdk" */;
			productName = FirebaseMessaging;
		};
		FB2A5A772CD5F75200CB981A /* FirebaseStorage */ = {
			isa = XCSwiftPackageProductDependency;
			package = FB2A5A702CD5F75200CB981A /* XCRemoteSwiftPackageReference "firebase-ios-sdk" */;
			productName = FirebaseStorage;
		};
		FB2A5A792CD5F8A100CB981A /* FirebaseCore */ = {
			isa = XCSwiftPackageProductDependency;
			package = FB2A5A702CD5F75200CB981A /* XCRemoteSwiftPackageReference "firebase-ios-sdk" */;
			productName = FirebaseCore;
		};
/* End XCSwiftPackageProductDependency section */
	};
	rootObject = BDD719C32CD4A89800AE0977 /* Project object */;
}
