// !$*UTF8*$!
{
	archiveVersion = 1;
	classes = {
	};
	objectVersion = 77;
	objects = {

/* Begin PBXBuildFile section */
		23B7CC192CDB6FF100C4C44A /* RouzzleLogin.riv in Resources */ = {isa = PBXBuildFile; fileRef = 23B7CC182CDB6FF100C4C44A /* RouzzleLogin.riv */; };
		23B7CC1C2CDC0C0D00C4C44A /* RoutineCategoryByTime.swift in Sources */ = {isa = PBXBuildFile; fileRef = 23B7CC1B2CDC0C0D00C4C44A /* RoutineCategoryByTime.swift */; };
		23B7CC1E2CDC0CA800C4C44A /* TimeBasedRecommendSetView.swift in Sources */ = {isa = PBXBuildFile; fileRef = 23B7CC1D2CDC0CA800C4C44A /* TimeBasedRecommendSetView.swift */; };
		23B7CC202CDC0F4800C4C44A /* RecommendTaskByTime.swift in Sources */ = {isa = PBXBuildFile; fileRef = 23B7CC1F2CDC0F4800C4C44A /* RecommendTaskByTime.swift */; };
		23B7CC222CDC134B00C4C44A /* DashedVerticalLine.swift in Sources */ = {isa = PBXBuildFile; fileRef = 23B7CC212CDC134B00C4C44A /* DashedVerticalLine.swift */; };
		23D7BD252CDD329E000B3DD9 /* EmojiPicker in Frameworks */ = {isa = PBXBuildFile; productRef = 23D7BD242CDD329E000B3DD9 /* EmojiPicker */; };
		23D7BD2B2CDD3496000B3DD9 /* EmojiPickerView.swift in Sources */ = {isa = PBXBuildFile; fileRef = 23D7BD2A2CDD3496000B3DD9 /* EmojiPickerView.swift */; };
		23D7BD2D2CDD35C1000B3DD9 /* EmojiCategory.swift in Sources */ = {isa = PBXBuildFile; fileRef = 23D7BD2C2CDD35C1000B3DD9 /* EmojiCategory.swift */; };
		23D7BD2F2CDD360A000B3DD9 /* EmojiSearchKeywords.swift in Sources */ = {isa = PBXBuildFile; fileRef = 23D7BD2E2CDD360A000B3DD9 /* EmojiSearchKeywords.swift */; };
		23D7BD312CDD37DC000B3DD9 /* EmojiPickerViewModel.swift in Sources */ = {isa = PBXBuildFile; fileRef = 23D7BD302CDD37DC000B3DD9 /* EmojiPickerViewModel.swift */; };
		23D7BD332CDD3830000B3DD9 /* Emoji+Extension.swift in Sources */ = {isa = PBXBuildFile; fileRef = 23D7BD322CDD3830000B3DD9 /* Emoji+Extension.swift */; };
		23D7BD372CDD3957000B3DD9 /* EmojiComponents.swift in Sources */ = {isa = PBXBuildFile; fileRef = 23D7BD362CDD3957000B3DD9 /* EmojiComponents.swift */; };
		23DBE7722CDA675C0029D4DA /* SplashView.swift in Sources */ = {isa = PBXBuildFile; fileRef = 23DBE7712CDA675C0029D4DA /* SplashView.swift */; };
		23DBE7772CDA6A180029D4DA /* RouzzleSplash.riv in Resources */ = {isa = PBXBuildFile; fileRef = 23DBE7762CDA6A180029D4DA /* RouzzleSplash.riv */; };
		23DBE7792CDA6B310029D4DA /* OnboardingView.swift in Sources */ = {isa = PBXBuildFile; fileRef = 23DBE7782CDA6B310029D4DA /* OnboardingView.swift */; };
		23DBE77B2CDA6B7F0029D4DA /* RouzzleOnboarding.riv in Resources */ = {isa = PBXBuildFile; fileRef = 23DBE77A2CDA6B7F0029D4DA /* RouzzleOnboarding.riv */; };
		4B5BDA942CDA69F20034DED6 /* WeekSetTimeView.swift in Sources */ = {isa = PBXBuildFile; fileRef = 4B5BDA932CDA69F20034DED6 /* WeekSetTimeView.swift */; };
		4B8E2F3D2CDCAC1100C87072 /* RoutineSetTimeView.swift in Sources */ = {isa = PBXBuildFile; fileRef = 4B8E2F3C2CDCAC1100C87072 /* RoutineSetTimeView.swift */; };
		4BDCEDA92CDCED39009E924E /* EditRoutineView.swift in Sources */ = {isa = PBXBuildFile; fileRef = 4BDCEDA82CDCED39009E924E /* EditRoutineView.swift */; };
		9700427E2CD9DA3900777F43 /* RoutineStartView.swift in Sources */ = {isa = PBXBuildFile; fileRef = 9700427D2CD9DA3900777F43 /* RoutineStartView.swift */; };
		970042802CDA095E00777F43 /* RoutineStartViewModel.swift in Sources */ = {isa = PBXBuildFile; fileRef = 9700427F2CDA095E00777F43 /* RoutineStartViewModel.swift */; };
		9711587A2CDCAC03008854B0 /* TaskListSheet.swift in Sources */ = {isa = PBXBuildFile; fileRef = 971158792CDCAC03008854B0 /* TaskListSheet.swift */; };
		9711587C2CDCAC25008854B0 /* RoutineCompleteView.swift in Sources */ = {isa = PBXBuildFile; fileRef = 9711587B2CDCAC25008854B0 /* RoutineCompleteView.swift */; };
		9736FA792CDB41A0009C2E60 /* AddTaskView.swift in Sources */ = {isa = PBXBuildFile; fileRef = 9736FA782CDB41A0009C2E60 /* AddTaskView.swift */; };
		9736FA7B2CDB5D5F009C2E60 /* RoutineSettingsSheet.swift in Sources */ = {isa = PBXBuildFile; fileRef = 9736FA7A2CDB5D5F009C2E60 /* RoutineSettingsSheet.swift */; };
		97370D1D2CDA8A5600E90D65 /* Int+Extension.swift in Sources */ = {isa = PBXBuildFile; fileRef = 97370D1C2CDA8A5600E90D65 /* Int+Extension.swift */; };
		97370D1E2CDA8C2100E90D65 /* RoutineStatusPuzzle.swift in Sources */ = {isa = PBXBuildFile; fileRef = BD1545162CD7BEF40098AD7B /* RoutineStatusPuzzle.swift */; };
		974596D32CE1C892004C346B /* ProfileEditView.swift in Sources */ = {isa = PBXBuildFile; fileRef = 974596D22CE1C892004C346B /* ProfileEditView.swift */; };
		9791BB822CDDCB00007BD566 /* FloatingButton.swift in Sources */ = {isa = PBXBuildFile; fileRef = 9791BB812CDDCB00007BD566 /* FloatingButton.swift */; };
		BD1186F12CD5527400FF4180 /* Array+Extension.swift in Sources */ = {isa = PBXBuildFile; fileRef = BD1186F02CD5527400FF4180 /* Array+Extension.swift */; };
		BD1186F42CD5530D00FF4180 /* View+Extension.swift in Sources */ = {isa = PBXBuildFile; fileRef = BD1186F32CD5530D00FF4180 /* View+Extension.swift */; };
		BD1186F62CD5531400FF4180 /* Font+Extension.swift in Sources */ = {isa = PBXBuildFile; fileRef = BD1186F52CD5531400FF4180 /* Font+Extension.swift */; };
		BD1186FE2CD5FC5500FF4180 /* RouzzleButton.swift in Sources */ = {isa = PBXBuildFile; fileRef = BD1186FD2CD5FC5500FF4180 /* RouzzleButton.swift */; };
		BD1187072CD600E800FF4180 /* RoutineUser.swift in Sources */ = {isa = PBXBuildFile; fileRef = BD1187062CD600D200FF4180 /* RoutineUser.swift */; };
		BD1187092CD6010D00FF4180 /* LoginView.swift in Sources */ = {isa = PBXBuildFile; fileRef = BD1187082CD6010B00FF4180 /* LoginView.swift */; };
		BD11870B2CD6011400FF4180 /* LoginViewModel.swift in Sources */ = {isa = PBXBuildFile; fileRef = BD11870A2CD6011100FF4180 /* LoginViewModel.swift */; };
		BD11870F2CD7952C00FF4180 /* Color+Extension.swift in Sources */ = {isa = PBXBuildFile; fileRef = BD11870E2CD7952C00FF4180 /* Color+Extension.swift */; };
		BD1187112CD7967600FF4180 /* RouzzleTextField.swift in Sources */ = {isa = PBXBuildFile; fileRef = BD1187102CD7967600FF4180 /* RouzzleTextField.swift */; };
		BD15451D2CD7D0710098AD7B /* Date+Extension.swift in Sources */ = {isa = PBXBuildFile; fileRef = BD15451C2CD7D0710098AD7B /* Date+Extension.swift */; };
		BD1545282CD856490098AD7B /* Pretendard-Bold.otf in Resources */ = {isa = PBXBuildFile; fileRef = BD1545202CD856490098AD7B /* Pretendard-Bold.otf */; };
		BD1545292CD856490098AD7B /* Pretendard-Medium.otf in Resources */ = {isa = PBXBuildFile; fileRef = BD1545242CD856490098AD7B /* Pretendard-Medium.otf */; };
		BD15452A2CD856490098AD7B /* Pretendard-Black.otf in Resources */ = {isa = PBXBuildFile; fileRef = BD15451F2CD856490098AD7B /* Pretendard-Black.otf */; };
		BD15452B2CD856490098AD7B /* Pretendard-Regular.otf in Resources */ = {isa = PBXBuildFile; fileRef = BD1545252CD856490098AD7B /* Pretendard-Regular.otf */; };
		BD15452C2CD856490098AD7B /* Pretendard-ExtraLight.otf in Resources */ = {isa = PBXBuildFile; fileRef = BD1545222CD856490098AD7B /* Pretendard-ExtraLight.otf */; };
		BD15452D2CD856490098AD7B /* Pretendard-SemiBold.otf in Resources */ = {isa = PBXBuildFile; fileRef = BD1545262CD856490098AD7B /* Pretendard-SemiBold.otf */; };
		BD15452E2CD856490098AD7B /* Pretendard-Light.otf in Resources */ = {isa = PBXBuildFile; fileRef = BD1545232CD856490098AD7B /* Pretendard-Light.otf */; };
		BD15452F2CD856490098AD7B /* Pretendard-ExtraBold.otf in Resources */ = {isa = PBXBuildFile; fileRef = BD1545212CD856490098AD7B /* Pretendard-ExtraBold.otf */; };
		BD1545302CD856490098AD7B /* Pretendard-Thin.otf in Resources */ = {isa = PBXBuildFile; fileRef = BD1545272CD856490098AD7B /* Pretendard-Thin.otf */; };
		BD1545C52CD928FA0098AD7B /* ComponentView.swift in Sources */ = {isa = PBXBuildFile; fileRef = BD1545C42CD928FA0098AD7B /* ComponentView.swift */; };
		BD1545C92CD92F5D0098AD7B /* RoutineListView.swift in Sources */ = {isa = PBXBuildFile; fileRef = BD1545C82CD92F5D0098AD7B /* RoutineListView.swift */; };
		BD1545CB2CD937F20098AD7B /* AddRoutineView.swift in Sources */ = {isa = PBXBuildFile; fileRef = BD1545CA2CD937F20098AD7B /* AddRoutineView.swift */; };
		BD1545CD2CD93AA00098AD7B /* NavigationBackButtonModifier.swift in Sources */ = {isa = PBXBuildFile; fileRef = BD1545CC2CD93AA00098AD7B /* NavigationBackButtonModifier.swift */; };
		BD1546512CD9A7AA0098AD7B /* ContentView.swift in Sources */ = {isa = PBXBuildFile; fileRef = BD1546502CD9A7AA0098AD7B /* ContentView.swift */; };
		BD1546552CD9AA090098AD7B /* StatisticView.swift in Sources */ = {isa = PBXBuildFile; fileRef = BD1546542CD9AA090098AD7B /* StatisticView.swift */; };
		BD1546592CD9AA630098AD7B /* RecommendView.swift in Sources */ = {isa = PBXBuildFile; fileRef = BD1546582CD9AA630098AD7B /* RecommendView.swift */; };
		BD15465D2CD9AA880098AD7B /* SocialView.swift in Sources */ = {isa = PBXBuildFile; fileRef = BD15465C2CD9AA880098AD7B /* SocialView.swift */; };
		BD1546612CD9AAD50098AD7B /* MyPageView.swift in Sources */ = {isa = PBXBuildFile; fileRef = BD1546602CD9AAD50098AD7B /* MyPageView.swift */; };
		BD1546642CD9AE530098AD7B /* RiveRuntime in Frameworks */ = {isa = PBXBuildFile; productRef = BD1546632CD9AE530098AD7B /* RiveRuntime */; };
		BD1546662CD9D70D0098AD7B /* EmojiView.swift in Sources */ = {isa = PBXBuildFile; fileRef = BD1546652CD9D70D0098AD7B /* EmojiView.swift */; };
		BD3B03932CDA03A70006F5AD /* TaskStatusPuzzle.swift in Sources */ = {isa = PBXBuildFile; fileRef = BD3B03922CDA03A70006F5AD /* TaskStatusPuzzle.swift */; };
		BD6301B42CDE3FD50000203C /* RoutineSDView.swift in Sources */ = {isa = PBXBuildFile; fileRef = BD6301B32CDE3FD50000203C /* RoutineSDView.swift */; };
		BD6301B62CDE52E90000203C /* String+Extension.swift in Sources */ = {isa = PBXBuildFile; fileRef = BD6301B52CDE52E90000203C /* String+Extension.swift */; };
		BD6301B82CDE73550000203C /* ConvertDays.swift in Sources */ = {isa = PBXBuildFile; fileRef = BD6301B72CDE73550000203C /* ConvertDays.swift */; };
		BD912EF82CDB3857007B8503 /* RecommendTask.swift in Sources */ = {isa = PBXBuildFile; fileRef = BD912EF72CDB3857007B8503 /* RecommendTask.swift */; };
		BD912F892CDD2B24007B8503 /* Item.swift in Sources */ = {isa = PBXBuildFile; fileRef = BD912F882CDD2B24007B8503 /* Item.swift */; };
		BD912F8B2CDD2C6E007B8503 /* SwiftDataService.swift in Sources */ = {isa = PBXBuildFile; fileRef = BD912F8A2CDD2C6E007B8503 /* SwiftDataService.swift */; };
		BD912F8D2CDD32F5007B8503 /* SwiftDataError.swift in Sources */ = {isa = PBXBuildFile; fileRef = BD912F8C2CDD32F5007B8503 /* SwiftDataError.swift */; };
		BDAC7C482CE09D5200BF0379 /* SampleData.swift in Sources */ = {isa = PBXBuildFile; fileRef = BDAC7C472CE09D5200BF0379 /* SampleData.swift */; };
		BDD719E02CD4A8AA00AE0977 /* Assets.xcassets in Resources */ = {isa = PBXBuildFile; fileRef = BDD719DC2CD4A8AA00AE0977 /* Assets.xcassets */; };
		BDD719E22CD4A8AA00AE0977 /* RouzzleApp.swift in Sources */ = {isa = PBXBuildFile; fileRef = BDD719DE2CD4A8AA00AE0977 /* RouzzleApp.swift */; };
		BDD719E62CD4A8E100AE0977 /* .swiftlint.yml in Resources */ = {isa = PBXBuildFile; fileRef = BDD719E52CD4A8E100AE0977 /* .swiftlint.yml */; };
		FB2A5A672CD5F67000CB981A /* Factory in Frameworks */ = {isa = PBXBuildFile; productRef = FB2A5A662CD5F67000CB981A /* Factory */; };
		FB2A5A6A2CD5F69A00CB981A /* GoogleSignIn in Frameworks */ = {isa = PBXBuildFile; productRef = FB2A5A692CD5F69A00CB981A /* GoogleSignIn */; };
		FB2A5A6C2CD5F69A00CB981A /* GoogleSignInSwift in Frameworks */ = {isa = PBXBuildFile; productRef = FB2A5A6B2CD5F69A00CB981A /* GoogleSignInSwift */; };
		FB2A5A6F2CD5F6CD00CB981A /* KakaoSDKAuth in Frameworks */ = {isa = PBXBuildFile; productRef = FB2A5A6E2CD5F6CD00CB981A /* KakaoSDKAuth */; };
		FB2A5A722CD5F75200CB981A /* FirebaseAuth in Frameworks */ = {isa = PBXBuildFile; productRef = FB2A5A712CD5F75200CB981A /* FirebaseAuth */; };
		FB2A5A742CD5F75200CB981A /* FirebaseFirestore in Frameworks */ = {isa = PBXBuildFile; productRef = FB2A5A732CD5F75200CB981A /* FirebaseFirestore */; };
		FB2A5A762CD5F75200CB981A /* FirebaseMessaging in Frameworks */ = {isa = PBXBuildFile; productRef = FB2A5A752CD5F75200CB981A /* FirebaseMessaging */; };
		FB2A5A782CD5F75200CB981A /* FirebaseStorage in Frameworks */ = {isa = PBXBuildFile; productRef = FB2A5A772CD5F75200CB981A /* FirebaseStorage */; };
		FB2A5A7A2CD5F8A100CB981A /* FirebaseCore in Frameworks */ = {isa = PBXBuildFile; productRef = FB2A5A792CD5F8A100CB981A /* FirebaseCore */; };
		FB2A5A7C2CD5F96600CB981A /* GoogleService-Info.plist in Resources */ = {isa = PBXBuildFile; fileRef = FB2A5A7B2CD5F96600CB981A /* GoogleService-Info.plist */; };
		FB2A5A902CD7A2C400CB981A /* AuthError.swift in Sources */ = {isa = PBXBuildFile; fileRef = FB2A5A8F2CD7A2C400CB981A /* AuthError.swift */; };
		FB2A5A942CD7B23600CB981A /* SignUpButtonModifier.swift in Sources */ = {isa = PBXBuildFile; fileRef = FB2A5A932CD7B23600CB981A /* SignUpButtonModifier.swift */; };
		FB2A5A962CD7B48A00CB981A /* Container.swift in Sources */ = {isa = PBXBuildFile; fileRef = FB2A5A952CD7B48A00CB981A /* Container.swift */; };
		FB2A5A982CD7B60300CB981A /* AuthService.swift in Sources */ = {isa = PBXBuildFile; fileRef = FB2A5A972CD7B60300CB981A /* AuthService.swift */; };
		FB2A5A9A2CD7BF9200CB981A /* LoadState.swift in Sources */ = {isa = PBXBuildFile; fileRef = FB2A5A992CD7BF9200CB981A /* LoadState.swift */; };
		FB2A5A9C2CD7CDE000CB981A /* Config.xcconfig in Resources */ = {isa = PBXBuildFile; fileRef = FB2A5A9B2CD7CDE000CB981A /* Config.xcconfig */; };
		FB2A5A9E2CD7D1A500CB981A /* AppSceneDelegate.swift in Sources */ = {isa = PBXBuildFile; fileRef = FB2A5A9D2CD7D1A500CB981A /* AppSceneDelegate.swift */; };
		FB2A5AA02CD7D7E800CB981A /* KakaoSDKUser in Frameworks */ = {isa = PBXBuildFile; productRef = FB2A5A9F2CD7D7E800CB981A /* KakaoSDKUser */; };
		FB2A5AA62CD7E66E00CB981A /* randomNonceString.swift in Sources */ = {isa = PBXBuildFile; fileRef = FB2A5AA52CD7E66E00CB981A /* randomNonceString.swift */; };
		FB2A5AA92CD7F1F200CB981A /* sha256.swift in Sources */ = {isa = PBXBuildFile; fileRef = FB2A5AA82CD7F1F200CB981A /* sha256.swift */; };
		FB2A5AAF2CD909A500CB981A /* LaunchView.swift in Sources */ = {isa = PBXBuildFile; fileRef = FB2A5AAE2CD909A500CB981A /* LaunchView.swift */; };
		FB2A5AB12CD909E400CB981A /* Halo Dek.otf in Resources */ = {isa = PBXBuildFile; fileRef = FB2A5AB02CD909E400CB981A /* Halo Dek.otf */; };
		FB2A5AB42CD90A6C00CB981A /* AuthStore.swift in Sources */ = {isa = PBXBuildFile; fileRef = FB2A5AB32CD90A6C00CB981A /* AuthStore.swift */; };
		FB2A5AB62CD912CD00CB981A /* getDeviceUUID.swift in Sources */ = {isa = PBXBuildFile; fileRef = FB2A5AB52CD912CD00CB981A /* getDeviceUUID.swift */; };
		FB2A5ABC2CD92C1700CB981A /* SignUpView.swift in Sources */ = {isa = PBXBuildFile; fileRef = FB2A5ABB2CD92C1700CB981A /* SignUpView.swift */; };
		FB2A5ABE2CD92C2500CB981A /* SignUpViewModel.swift in Sources */ = {isa = PBXBuildFile; fileRef = FB2A5ABD2CD92C2500CB981A /* SignUpViewModel.swift */; };
		FB2A5AC02CD92C6C00CB981A /* UserService.swift in Sources */ = {isa = PBXBuildFile; fileRef = FB2A5ABF2CD92C6C00CB981A /* UserService.swift */; };
		FB2A5AC22CD933C500CB981A /* StrokeTextFieldModifier.swift in Sources */ = {isa = PBXBuildFile; fileRef = FB2A5AC12CD933C500CB981A /* StrokeTextFieldModifier.swift */; };
		FB2A5AC62CD9D5B500CB981A /* NewTaskSheet.swift in Sources */ = {isa = PBXBuildFile; fileRef = FB2A5AC52CD9D5B500CB981A /* NewTaskSheet.swift */; };
		FB2A5ACD2CDA137200CB981A /* ChipModifier.swift in Sources */ = {isa = PBXBuildFile; fileRef = FB2A5ACC2CDA137200CB981A /* ChipModifier.swift */; };
		FB4174E72CDB34B50084BC19 /* Routine.swift in Sources */ = {isa = PBXBuildFile; fileRef = FB4174E62CDB34B50084BC19 /* Routine.swift */; };
		FB4174E92CDB475F0084BC19 /* RoutineCompletion.swift in Sources */ = {isa = PBXBuildFile; fileRef = FB4174E82CDB475F0084BC19 /* RoutineCompletion.swift */; };
		FB4174ED2CDB59BF0084BC19 /* RoutineService.swift in Sources */ = {isa = PBXBuildFile; fileRef = FB4174EC2CDB59BF0084BC19 /* RoutineService.swift */; };
		FB4174F02CDBCD7F0084BC19 /* RoutineStore.swift in Sources */ = {isa = PBXBuildFile; fileRef = FB4174EF2CDBCD7F0084BC19 /* RoutineStore.swift */; };
		FB4174F22CDC3FF70084BC19 /* DBError.swift in Sources */ = {isa = PBXBuildFile; fileRef = FB4174F12CDC3FF70084BC19 /* DBError.swift */; };
		FB4174F82CDCB61C0084BC19 /* NewTaskSheetViewModel.swift in Sources */ = {isa = PBXBuildFile; fileRef = FB4174F72CDCB61C0084BC19 /* NewTaskSheetViewModel.swift */; };
		FB4174FC2CDDCABB0084BC19 /* AddRoutineViewModel.swift in Sources */ = {isa = PBXBuildFile; fileRef = FB4174FB2CDDCABB0084BC19 /* AddRoutineViewModel.swift */; };
		FBDC52CB2CE067420038243D /* Dictionary+Extension.swift in Sources */ = {isa = PBXBuildFile; fileRef = FBDC52CA2CE067420038243D /* Dictionary+Extension.swift */; };
/* End PBXBuildFile section */

/* Begin PBXFileReference section */
		23B7CC182CDB6FF100C4C44A /* RouzzleLogin.riv */ = {isa = PBXFileReference; lastKnownFileType = file; path = RouzzleLogin.riv; sourceTree = "<group>"; };
		23B7CC1B2CDC0C0D00C4C44A /* RoutineCategoryByTime.swift */ = {isa = PBXFileReference; lastKnownFileType = sourcecode.swift; path = RoutineCategoryByTime.swift; sourceTree = "<group>"; };
		23B7CC1D2CDC0CA800C4C44A /* TimeBasedRecommendSetView.swift */ = {isa = PBXFileReference; lastKnownFileType = sourcecode.swift; path = TimeBasedRecommendSetView.swift; sourceTree = "<group>"; };
		23B7CC1F2CDC0F4800C4C44A /* RecommendTaskByTime.swift */ = {isa = PBXFileReference; lastKnownFileType = sourcecode.swift; path = RecommendTaskByTime.swift; sourceTree = "<group>"; };
		23B7CC212CDC134B00C4C44A /* DashedVerticalLine.swift */ = {isa = PBXFileReference; lastKnownFileType = sourcecode.swift; path = DashedVerticalLine.swift; sourceTree = "<group>"; };
		23D7BD2A2CDD3496000B3DD9 /* EmojiPickerView.swift */ = {isa = PBXFileReference; lastKnownFileType = sourcecode.swift; path = EmojiPickerView.swift; sourceTree = "<group>"; };
		23D7BD2C2CDD35C1000B3DD9 /* EmojiCategory.swift */ = {isa = PBXFileReference; lastKnownFileType = sourcecode.swift; path = EmojiCategory.swift; sourceTree = "<group>"; };
		23D7BD2E2CDD360A000B3DD9 /* EmojiSearchKeywords.swift */ = {isa = PBXFileReference; lastKnownFileType = sourcecode.swift; path = EmojiSearchKeywords.swift; sourceTree = "<group>"; };
		23D7BD302CDD37DC000B3DD9 /* EmojiPickerViewModel.swift */ = {isa = PBXFileReference; lastKnownFileType = sourcecode.swift; path = EmojiPickerViewModel.swift; sourceTree = "<group>"; };
		23D7BD322CDD3830000B3DD9 /* Emoji+Extension.swift */ = {isa = PBXFileReference; lastKnownFileType = sourcecode.swift; path = "Emoji+Extension.swift"; sourceTree = "<group>"; };
		23D7BD362CDD3957000B3DD9 /* EmojiComponents.swift */ = {isa = PBXFileReference; lastKnownFileType = sourcecode.swift; path = EmojiComponents.swift; sourceTree = "<group>"; };
		23DBE7712CDA675C0029D4DA /* SplashView.swift */ = {isa = PBXFileReference; lastKnownFileType = sourcecode.swift; path = SplashView.swift; sourceTree = "<group>"; };
		23DBE7762CDA6A180029D4DA /* RouzzleSplash.riv */ = {isa = PBXFileReference; lastKnownFileType = file; path = RouzzleSplash.riv; sourceTree = "<group>"; };
		23DBE7782CDA6B310029D4DA /* OnboardingView.swift */ = {isa = PBXFileReference; lastKnownFileType = sourcecode.swift; path = OnboardingView.swift; sourceTree = "<group>"; };
		23DBE77A2CDA6B7F0029D4DA /* RouzzleOnboarding.riv */ = {isa = PBXFileReference; lastKnownFileType = file; path = RouzzleOnboarding.riv; sourceTree = "<group>"; };
		4B5BDA932CDA69F20034DED6 /* WeekSetTimeView.swift */ = {isa = PBXFileReference; lastKnownFileType = sourcecode.swift; path = WeekSetTimeView.swift; sourceTree = "<group>"; };
		4B8E2F3C2CDCAC1100C87072 /* RoutineSetTimeView.swift */ = {isa = PBXFileReference; lastKnownFileType = sourcecode.swift; path = RoutineSetTimeView.swift; sourceTree = "<group>"; };
		4BDCEDA82CDCED39009E924E /* EditRoutineView.swift */ = {isa = PBXFileReference; lastKnownFileType = sourcecode.swift; path = EditRoutineView.swift; sourceTree = "<group>"; };
		9700427D2CD9DA3900777F43 /* RoutineStartView.swift */ = {isa = PBXFileReference; lastKnownFileType = sourcecode.swift; path = RoutineStartView.swift; sourceTree = "<group>"; };
		9700427F2CDA095E00777F43 /* RoutineStartViewModel.swift */ = {isa = PBXFileReference; lastKnownFileType = sourcecode.swift; path = RoutineStartViewModel.swift; sourceTree = "<group>"; };
		971158792CDCAC03008854B0 /* TaskListSheet.swift */ = {isa = PBXFileReference; lastKnownFileType = sourcecode.swift; path = TaskListSheet.swift; sourceTree = "<group>"; };
		9711587B2CDCAC25008854B0 /* RoutineCompleteView.swift */ = {isa = PBXFileReference; lastKnownFileType = sourcecode.swift; path = RoutineCompleteView.swift; sourceTree = "<group>"; };
		9736FA782CDB41A0009C2E60 /* AddTaskView.swift */ = {isa = PBXFileReference; lastKnownFileType = sourcecode.swift; path = AddTaskView.swift; sourceTree = "<group>"; };
		9736FA7A2CDB5D5F009C2E60 /* RoutineSettingsSheet.swift */ = {isa = PBXFileReference; lastKnownFileType = sourcecode.swift; path = RoutineSettingsSheet.swift; sourceTree = "<group>"; };
		97370D1C2CDA8A5600E90D65 /* Int+Extension.swift */ = {isa = PBXFileReference; lastKnownFileType = sourcecode.swift; path = "Int+Extension.swift"; sourceTree = "<group>"; };
		974596D22CE1C892004C346B /* ProfileEditView.swift */ = {isa = PBXFileReference; lastKnownFileType = sourcecode.swift; path = ProfileEditView.swift; sourceTree = "<group>"; };
		9791BB812CDDCB00007BD566 /* FloatingButton.swift */ = {isa = PBXFileReference; lastKnownFileType = sourcecode.swift; path = FloatingButton.swift; sourceTree = "<group>"; };
		BD1186F02CD5527400FF4180 /* Array+Extension.swift */ = {isa = PBXFileReference; lastKnownFileType = sourcecode.swift; path = "Array+Extension.swift"; sourceTree = "<group>"; };
		BD1186F32CD5530D00FF4180 /* View+Extension.swift */ = {isa = PBXFileReference; lastKnownFileType = sourcecode.swift; path = "View+Extension.swift"; sourceTree = "<group>"; };
		BD1186F52CD5531400FF4180 /* Font+Extension.swift */ = {isa = PBXFileReference; lastKnownFileType = sourcecode.swift; path = "Font+Extension.swift"; sourceTree = "<group>"; };
		BD1186FD2CD5FC5500FF4180 /* RouzzleButton.swift */ = {isa = PBXFileReference; lastKnownFileType = sourcecode.swift; path = RouzzleButton.swift; sourceTree = "<group>"; };
		BD1187062CD600D200FF4180 /* RoutineUser.swift */ = {isa = PBXFileReference; lastKnownFileType = sourcecode.swift; path = RoutineUser.swift; sourceTree = "<group>"; };
		BD1187082CD6010B00FF4180 /* LoginView.swift */ = {isa = PBXFileReference; lastKnownFileType = sourcecode.swift; path = LoginView.swift; sourceTree = "<group>"; };
		BD11870A2CD6011100FF4180 /* LoginViewModel.swift */ = {isa = PBXFileReference; lastKnownFileType = sourcecode.swift; path = LoginViewModel.swift; sourceTree = "<group>"; };
		BD11870E2CD7952C00FF4180 /* Color+Extension.swift */ = {isa = PBXFileReference; lastKnownFileType = sourcecode.swift; path = "Color+Extension.swift"; sourceTree = "<group>"; };
		BD1187102CD7967600FF4180 /* RouzzleTextField.swift */ = {isa = PBXFileReference; lastKnownFileType = sourcecode.swift; path = RouzzleTextField.swift; sourceTree = "<group>"; };
		BD1545162CD7BEF40098AD7B /* RoutineStatusPuzzle.swift */ = {isa = PBXFileReference; lastKnownFileType = sourcecode.swift; path = RoutineStatusPuzzle.swift; sourceTree = "<group>"; };
		BD15451C2CD7D0710098AD7B /* Date+Extension.swift */ = {isa = PBXFileReference; lastKnownFileType = sourcecode.swift; path = "Date+Extension.swift"; sourceTree = "<group>"; };
		BD15451F2CD856490098AD7B /* Pretendard-Black.otf */ = {isa = PBXFileReference; lastKnownFileType = file; path = "Pretendard-Black.otf"; sourceTree = "<group>"; };
		BD1545202CD856490098AD7B /* Pretendard-Bold.otf */ = {isa = PBXFileReference; lastKnownFileType = file; path = "Pretendard-Bold.otf"; sourceTree = "<group>"; };
		BD1545212CD856490098AD7B /* Pretendard-ExtraBold.otf */ = {isa = PBXFileReference; lastKnownFileType = file; path = "Pretendard-ExtraBold.otf"; sourceTree = "<group>"; };
		BD1545222CD856490098AD7B /* Pretendard-ExtraLight.otf */ = {isa = PBXFileReference; lastKnownFileType = file; path = "Pretendard-ExtraLight.otf"; sourceTree = "<group>"; };
		BD1545232CD856490098AD7B /* Pretendard-Light.otf */ = {isa = PBXFileReference; lastKnownFileType = file; path = "Pretendard-Light.otf"; sourceTree = "<group>"; };
		BD1545242CD856490098AD7B /* Pretendard-Medium.otf */ = {isa = PBXFileReference; lastKnownFileType = file; path = "Pretendard-Medium.otf"; sourceTree = "<group>"; };
		BD1545252CD856490098AD7B /* Pretendard-Regular.otf */ = {isa = PBXFileReference; lastKnownFileType = file; path = "Pretendard-Regular.otf"; sourceTree = "<group>"; };
		BD1545262CD856490098AD7B /* Pretendard-SemiBold.otf */ = {isa = PBXFileReference; lastKnownFileType = file; path = "Pretendard-SemiBold.otf"; sourceTree = "<group>"; };
		BD1545272CD856490098AD7B /* Pretendard-Thin.otf */ = {isa = PBXFileReference; lastKnownFileType = file; path = "Pretendard-Thin.otf"; sourceTree = "<group>"; };
		BD1545C42CD928FA0098AD7B /* ComponentView.swift */ = {isa = PBXFileReference; lastKnownFileType = sourcecode.swift; path = ComponentView.swift; sourceTree = "<group>"; };
		BD1545C82CD92F5D0098AD7B /* RoutineListView.swift */ = {isa = PBXFileReference; lastKnownFileType = sourcecode.swift; path = RoutineListView.swift; sourceTree = "<group>"; };
		BD1545CA2CD937F20098AD7B /* AddRoutineView.swift */ = {isa = PBXFileReference; lastKnownFileType = sourcecode.swift; path = AddRoutineView.swift; sourceTree = "<group>"; };
		BD1545CC2CD93AA00098AD7B /* NavigationBackButtonModifier.swift */ = {isa = PBXFileReference; lastKnownFileType = sourcecode.swift; path = NavigationBackButtonModifier.swift; sourceTree = "<group>"; };
		BD1546502CD9A7AA0098AD7B /* ContentView.swift */ = {isa = PBXFileReference; lastKnownFileType = sourcecode.swift; path = ContentView.swift; sourceTree = "<group>"; };
		BD1546542CD9AA090098AD7B /* StatisticView.swift */ = {isa = PBXFileReference; lastKnownFileType = sourcecode.swift; path = StatisticView.swift; sourceTree = "<group>"; };
		BD1546582CD9AA630098AD7B /* RecommendView.swift */ = {isa = PBXFileReference; lastKnownFileType = sourcecode.swift; path = RecommendView.swift; sourceTree = "<group>"; };
		BD15465C2CD9AA880098AD7B /* SocialView.swift */ = {isa = PBXFileReference; lastKnownFileType = sourcecode.swift; path = SocialView.swift; sourceTree = "<group>"; };
		BD1546602CD9AAD50098AD7B /* MyPageView.swift */ = {isa = PBXFileReference; lastKnownFileType = sourcecode.swift; path = MyPageView.swift; sourceTree = "<group>"; };
		BD1546652CD9D70D0098AD7B /* EmojiView.swift */ = {isa = PBXFileReference; lastKnownFileType = sourcecode.swift; path = EmojiView.swift; sourceTree = "<group>"; };
		BD3B03922CDA03A70006F5AD /* TaskStatusPuzzle.swift */ = {isa = PBXFileReference; lastKnownFileType = sourcecode.swift; path = TaskStatusPuzzle.swift; sourceTree = "<group>"; };
		BD6301B32CDE3FD50000203C /* RoutineSDView.swift */ = {isa = PBXFileReference; lastKnownFileType = sourcecode.swift; path = RoutineSDView.swift; sourceTree = "<group>"; };
		BD6301B52CDE52E90000203C /* String+Extension.swift */ = {isa = PBXFileReference; lastKnownFileType = sourcecode.swift; path = "String+Extension.swift"; sourceTree = "<group>"; };
		BD6301B72CDE73550000203C /* ConvertDays.swift */ = {isa = PBXFileReference; lastKnownFileType = sourcecode.swift; path = ConvertDays.swift; sourceTree = "<group>"; };
		BD912EF72CDB3857007B8503 /* RecommendTask.swift */ = {isa = PBXFileReference; lastKnownFileType = sourcecode.swift; path = RecommendTask.swift; sourceTree = "<group>"; };
		BD912F882CDD2B24007B8503 /* Item.swift */ = {isa = PBXFileReference; lastKnownFileType = sourcecode.swift; path = Item.swift; sourceTree = "<group>"; };
		BD912F8A2CDD2C6E007B8503 /* SwiftDataService.swift */ = {isa = PBXFileReference; lastKnownFileType = sourcecode.swift; path = SwiftDataService.swift; sourceTree = "<group>"; };
		BD912F8C2CDD32F5007B8503 /* SwiftDataError.swift */ = {isa = PBXFileReference; lastKnownFileType = sourcecode.swift; path = SwiftDataError.swift; sourceTree = "<group>"; };
		BDAC7C472CE09D5200BF0379 /* SampleData.swift */ = {isa = PBXFileReference; lastKnownFileType = sourcecode.swift; path = SampleData.swift; sourceTree = "<group>"; };
		BDD719CB2CD4A89800AE0977 /* Rouzzle.app */ = {isa = PBXFileReference; explicitFileType = wrapper.application; includeInIndex = 0; path = Rouzzle.app; sourceTree = BUILT_PRODUCTS_DIR; };
		BDD719DC2CD4A8AA00AE0977 /* Assets.xcassets */ = {isa = PBXFileReference; lastKnownFileType = folder.assetcatalog; path = Assets.xcassets; sourceTree = "<group>"; };
		BDD719DE2CD4A8AA00AE0977 /* RouzzleApp.swift */ = {isa = PBXFileReference; lastKnownFileType = sourcecode.swift; path = RouzzleApp.swift; sourceTree = "<group>"; };
		BDD719E52CD4A8E100AE0977 /* .swiftlint.yml */ = {isa = PBXFileReference; lastKnownFileType = text.yaml; path = .swiftlint.yml; sourceTree = "<group>"; };
		FB2A5A7B2CD5F96600CB981A /* GoogleService-Info.plist */ = {isa = PBXFileReference; lastKnownFileType = text.plist.xml; path = "GoogleService-Info.plist"; sourceTree = "<group>"; };
		FB2A5A8F2CD7A2C400CB981A /* AuthError.swift */ = {isa = PBXFileReference; lastKnownFileType = sourcecode.swift; path = AuthError.swift; sourceTree = "<group>"; };
		FB2A5A912CD7A31200CB981A /* Info.plist */ = {isa = PBXFileReference; lastKnownFileType = text.plist; path = Info.plist; sourceTree = "<group>"; };
		FB2A5A932CD7B23600CB981A /* SignUpButtonModifier.swift */ = {isa = PBXFileReference; lastKnownFileType = sourcecode.swift; path = SignUpButtonModifier.swift; sourceTree = "<group>"; };
		FB2A5A952CD7B48A00CB981A /* Container.swift */ = {isa = PBXFileReference; lastKnownFileType = sourcecode.swift; path = Container.swift; sourceTree = "<group>"; };
		FB2A5A972CD7B60300CB981A /* AuthService.swift */ = {isa = PBXFileReference; lastKnownFileType = sourcecode.swift; path = AuthService.swift; sourceTree = "<group>"; };
		FB2A5A992CD7BF9200CB981A /* LoadState.swift */ = {isa = PBXFileReference; lastKnownFileType = sourcecode.swift; path = LoadState.swift; sourceTree = "<group>"; };
		FB2A5A9B2CD7CDE000CB981A /* Config.xcconfig */ = {isa = PBXFileReference; lastKnownFileType = text.xcconfig; path = Config.xcconfig; sourceTree = "<group>"; };
		FB2A5A9D2CD7D1A500CB981A /* AppSceneDelegate.swift */ = {isa = PBXFileReference; lastKnownFileType = sourcecode.swift; path = AppSceneDelegate.swift; sourceTree = "<group>"; };
		FB2A5AA52CD7E66E00CB981A /* randomNonceString.swift */ = {isa = PBXFileReference; lastKnownFileType = sourcecode.swift; path = randomNonceString.swift; sourceTree = "<group>"; };
		FB2A5AA72CD7F19E00CB981A /* Rouzzle.entitlements */ = {isa = PBXFileReference; lastKnownFileType = text.plist.entitlements; path = Rouzzle.entitlements; sourceTree = "<group>"; };
		FB2A5AA82CD7F1F200CB981A /* sha256.swift */ = {isa = PBXFileReference; lastKnownFileType = sourcecode.swift; path = sha256.swift; sourceTree = "<group>"; };
		FB2A5AAE2CD909A500CB981A /* LaunchView.swift */ = {isa = PBXFileReference; lastKnownFileType = sourcecode.swift; path = LaunchView.swift; sourceTree = "<group>"; };
		FB2A5AB02CD909E400CB981A /* Halo Dek.otf */ = {isa = PBXFileReference; lastKnownFileType = file; path = "Halo Dek.otf"; sourceTree = "<group>"; };
		FB2A5AB32CD90A6C00CB981A /* AuthStore.swift */ = {isa = PBXFileReference; lastKnownFileType = sourcecode.swift; path = AuthStore.swift; sourceTree = "<group>"; };
		FB2A5AB52CD912CD00CB981A /* getDeviceUUID.swift */ = {isa = PBXFileReference; lastKnownFileType = sourcecode.swift; path = getDeviceUUID.swift; sourceTree = "<group>"; };
		FB2A5ABB2CD92C1700CB981A /* SignUpView.swift */ = {isa = PBXFileReference; lastKnownFileType = sourcecode.swift; path = SignUpView.swift; sourceTree = "<group>"; };
		FB2A5ABD2CD92C2500CB981A /* SignUpViewModel.swift */ = {isa = PBXFileReference; lastKnownFileType = sourcecode.swift; path = SignUpViewModel.swift; sourceTree = "<group>"; };
		FB2A5ABF2CD92C6C00CB981A /* UserService.swift */ = {isa = PBXFileReference; lastKnownFileType = sourcecode.swift; path = UserService.swift; sourceTree = "<group>"; };
		FB2A5AC12CD933C500CB981A /* StrokeTextFieldModifier.swift */ = {isa = PBXFileReference; lastKnownFileType = sourcecode.swift; path = StrokeTextFieldModifier.swift; sourceTree = "<group>"; };
		FB2A5AC52CD9D5B500CB981A /* NewTaskSheet.swift */ = {isa = PBXFileReference; lastKnownFileType = sourcecode.swift; path = NewTaskSheet.swift; sourceTree = "<group>"; };
		FB2A5ACC2CDA137200CB981A /* ChipModifier.swift */ = {isa = PBXFileReference; lastKnownFileType = sourcecode.swift; path = ChipModifier.swift; sourceTree = "<group>"; };
		FB4174E62CDB34B50084BC19 /* Routine.swift */ = {isa = PBXFileReference; lastKnownFileType = sourcecode.swift; path = Routine.swift; sourceTree = "<group>"; };
		FB4174E82CDB475F0084BC19 /* RoutineCompletion.swift */ = {isa = PBXFileReference; lastKnownFileType = sourcecode.swift; path = RoutineCompletion.swift; sourceTree = "<group>"; };
		FB4174EC2CDB59BF0084BC19 /* RoutineService.swift */ = {isa = PBXFileReference; lastKnownFileType = sourcecode.swift; path = RoutineService.swift; sourceTree = "<group>"; };
		FB4174EF2CDBCD7F0084BC19 /* RoutineStore.swift */ = {isa = PBXFileReference; lastKnownFileType = sourcecode.swift; path = RoutineStore.swift; sourceTree = "<group>"; };
		FB4174F12CDC3FF70084BC19 /* DBError.swift */ = {isa = PBXFileReference; lastKnownFileType = sourcecode.swift; path = DBError.swift; sourceTree = "<group>"; };
		FB4174F72CDCB61C0084BC19 /* NewTaskSheetViewModel.swift */ = {isa = PBXFileReference; lastKnownFileType = sourcecode.swift; path = NewTaskSheetViewModel.swift; sourceTree = "<group>"; };
		FB4174FB2CDDCABB0084BC19 /* AddRoutineViewModel.swift */ = {isa = PBXFileReference; lastKnownFileType = sourcecode.swift; path = AddRoutineViewModel.swift; sourceTree = "<group>"; };
		FBDC52CA2CE067420038243D /* Dictionary+Extension.swift */ = {isa = PBXFileReference; lastKnownFileType = sourcecode.swift; path = "Dictionary+Extension.swift"; sourceTree = "<group>"; };
/* End PBXFileReference section */

/* Begin PBXFrameworksBuildPhase section */
		BDD719C82CD4A89800AE0977 /* Frameworks */ = {
			isa = PBXFrameworksBuildPhase;
			buildActionMask = 2147483647;
			files = (
				FB2A5A6C2CD5F69A00CB981A /* GoogleSignInSwift in Frameworks */,
				FB2A5A722CD5F75200CB981A /* FirebaseAuth in Frameworks */,
				FB2A5A762CD5F75200CB981A /* FirebaseMessaging in Frameworks */,
				BD1546642CD9AE530098AD7B /* RiveRuntime in Frameworks */,
				FB2A5A672CD5F67000CB981A /* Factory in Frameworks */,
				FB2A5A6A2CD5F69A00CB981A /* GoogleSignIn in Frameworks */,
				FB2A5A782CD5F75200CB981A /* FirebaseStorage in Frameworks */,
				FB2A5A6F2CD5F6CD00CB981A /* KakaoSDKAuth in Frameworks */,
				FB2A5A7A2CD5F8A100CB981A /* FirebaseCore in Frameworks */,
				23D7BD252CDD329E000B3DD9 /* EmojiPicker in Frameworks */,
				FB2A5AA02CD7D7E800CB981A /* KakaoSDKUser in Frameworks */,
				FB2A5A742CD5F75200CB981A /* FirebaseFirestore in Frameworks */,
			);
			runOnlyForDeploymentPostprocessing = 0;
		};
/* End PBXFrameworksBuildPhase section */

/* Begin PBXGroup section */
		23B7CC1A2CDC052200C4C44A /* Model */ = {
			isa = PBXGroup;
			children = (
				23B7CC1B2CDC0C0D00C4C44A /* RoutineCategoryByTime.swift */,
			);
			path = Model;
			sourceTree = "<group>";
		};
		23D7BD262CDD342F000B3DD9 /* Emoji */ = {
			isa = PBXGroup;
			children = (
				23D7BD272CDD344B000B3DD9 /* Model */,
				23D7BD282CDD3456000B3DD9 /* View */,
				23D7BD292CDD3464000B3DD9 /* ViewModel */,
			);
			path = Emoji;
			sourceTree = "<group>";
		};
		23D7BD272CDD344B000B3DD9 /* Model */ = {
			isa = PBXGroup;
			children = (
				23D7BD2C2CDD35C1000B3DD9 /* EmojiCategory.swift */,
				23D7BD2E2CDD360A000B3DD9 /* EmojiSearchKeywords.swift */,
			);
			path = Model;
			sourceTree = "<group>";
		};
		23D7BD282CDD3456000B3DD9 /* View */ = {
			isa = PBXGroup;
			children = (
				23D7BD2A2CDD3496000B3DD9 /* EmojiPickerView.swift */,
				23D7BD362CDD3957000B3DD9 /* EmojiComponents.swift */,
			);
			path = View;
			sourceTree = "<group>";
		};
		23D7BD292CDD3464000B3DD9 /* ViewModel */ = {
			isa = PBXGroup;
			children = (
				23D7BD302CDD37DC000B3DD9 /* EmojiPickerViewModel.swift */,
			);
			path = ViewModel;
			sourceTree = "<group>";
		};
		23DBE7752CDA6A060029D4DA /* RiveAnimation */ = {
			isa = PBXGroup;
			children = (
				23DBE7762CDA6A180029D4DA /* RouzzleSplash.riv */,
				23DBE77A2CDA6B7F0029D4DA /* RouzzleOnboarding.riv */,
				23B7CC182CDB6FF100C4C44A /* RouzzleLogin.riv */,
			);
			path = RiveAnimation;
			sourceTree = "<group>";
		};
		9700427B2CD9DA2200777F43 /* RoutineStart */ = {
			isa = PBXGroup;
			children = (
				23B7CC1A2CDC052200C4C44A /* Model */,
				9700427C2CD9DA2E00777F43 /* View */,
				970042812CDA096300777F43 /* ViewModel */,
			);
			path = RoutineStart;
			sourceTree = "<group>";
		};
		9700427C2CD9DA2E00777F43 /* View */ = {
			isa = PBXGroup;
			children = (
				9700427D2CD9DA3900777F43 /* RoutineStartView.swift */,
				971158792CDCAC03008854B0 /* TaskListSheet.swift */,
				9711587B2CDCAC25008854B0 /* RoutineCompleteView.swift */,
				9736FA782CDB41A0009C2E60 /* AddTaskView.swift */,
				9736FA7A2CDB5D5F009C2E60 /* RoutineSettingsSheet.swift */,
				23B7CC1D2CDC0CA800C4C44A /* TimeBasedRecommendSetView.swift */,
			);
			path = View;
			sourceTree = "<group>";
		};
		970042812CDA096300777F43 /* ViewModel */ = {
			isa = PBXGroup;
			children = (
				9700427F2CDA095E00777F43 /* RoutineStartViewModel.swift */,
			);
			path = ViewModel;
			sourceTree = "<group>";
		};
		BD1186EF2CD5521C00FF4180 /* Utils */ = {
			isa = PBXGroup;
			children = (
				FB2A5AA12CD7E64F00CB981A /* Function */,
				FB2A5A922CD7B22000CB981A /* Modifier */,
				BD1186F72CD553BB00FF4180 /* Component */,
				BD1186F22CD5527D00FF4180 /* Extensions */,
			);
			path = Utils;
			sourceTree = "<group>";
		};
		BD1186F22CD5527D00FF4180 /* Extensions */ = {
			isa = PBXGroup;
			children = (
				BD1186F02CD5527400FF4180 /* Array+Extension.swift */,
				BD1186F32CD5530D00FF4180 /* View+Extension.swift */,
				BD1186F52CD5531400FF4180 /* Font+Extension.swift */,
				BD11870E2CD7952C00FF4180 /* Color+Extension.swift */,
				BD15451C2CD7D0710098AD7B /* Date+Extension.swift */,
				97370D1C2CDA8A5600E90D65 /* Int+Extension.swift */,
				23D7BD322CDD3830000B3DD9 /* Emoji+Extension.swift */,
				BD6301B52CDE52E90000203C /* String+Extension.swift */,
				FBDC52CA2CE067420038243D /* Dictionary+Extension.swift */,
			);
			path = Extensions;
			sourceTree = "<group>";
		};
		BD1186F72CD553BB00FF4180 /* Component */ = {
			isa = PBXGroup;
			children = (
				BD1545C42CD928FA0098AD7B /* ComponentView.swift */,
				BD1186FD2CD5FC5500FF4180 /* RouzzleButton.swift */,
				FB2A5A992CD7BF9200CB981A /* LoadState.swift */,
				BD1187102CD7967600FF4180 /* RouzzleTextField.swift */,
				BD3B03922CDA03A70006F5AD /* TaskStatusPuzzle.swift */,
				BD912EF72CDB3857007B8503 /* RecommendTask.swift */,
				23B7CC1F2CDC0F4800C4C44A /* RecommendTaskByTime.swift */,
				23B7CC212CDC134B00C4C44A /* DashedVerticalLine.swift */,
				BD1545162CD7BEF40098AD7B /* RoutineStatusPuzzle.swift */,
				BD1545CC2CD93AA00098AD7B /* NavigationBackButtonModifier.swift */,
				BD1546652CD9D70D0098AD7B /* EmojiView.swift */,
				9791BB812CDDCB00007BD566 /* FloatingButton.swift */,
			);
			path = Component;
			sourceTree = "<group>";
		};
		BD1186FF2CD6006C00FF4180 /* Resources */ = {
			isa = PBXGroup;
			children = (
				23DBE7752CDA6A060029D4DA /* RiveAnimation */,
				BD15451E2CD856010098AD7B /* Font */,
				FB2A5A7B2CD5F96600CB981A /* GoogleService-Info.plist */,
				BDD719DC2CD4A8AA00AE0977 /* Assets.xcassets */,
			);
			path = Resources;
			sourceTree = "<group>";
		};
		BD1187002CD6009600FF4180 /* App */ = {
			isa = PBXGroup;
			children = (
				BDD719DE2CD4A8AA00AE0977 /* RouzzleApp.swift */,
				FB2A5A9D2CD7D1A500CB981A /* AppSceneDelegate.swift */,
				FB2A5A952CD7B48A00CB981A /* Container.swift */,
				BD1546502CD9A7AA0098AD7B /* ContentView.swift */,
			);
			path = App;
			sourceTree = "<group>";
		};
		BD1187012CD6009E00FF4180 /* Features */ = {
			isa = PBXGroup;
			children = (
				23D7BD262CDD342F000B3DD9 /* Emoji */,
				9700427B2CD9DA2200777F43 /* RoutineStart */,
				BD15465E2CD9AAB90098AD7B /* MyPage */,
				BD15465A2CD9AA740098AD7B /* Social */,
				BD1546562CD9AA470098AD7B /* Recommend */,
				BD1546522CD9A9BA0098AD7B /* Statistic */,
				FB2A5AAC2CD9096B00CB981A /* Launch */,
				BD1545C62CD92F040098AD7B /* Routine */,
				BD1187022CD600AF00FF4180 /* Login */,
				FB2A5AB72CD92BB100CB981A /* SignUp */,
			);
			path = Features;
			sourceTree = "<group>";
		};
		BD1187022CD600AF00FF4180 /* Login */ = {
			isa = PBXGroup;
			children = (
				BD1187032CD600B400FF4180 /* Model */,
				BD1187052CD600C200FF4180 /* View */,
				BD1187042CD600BA00FF4180 /* ViewModel */,
			);
			path = Login;
			sourceTree = "<group>";
		};
		BD1187032CD600B400FF4180 /* Model */ = {
			isa = PBXGroup;
			children = (
				BD1187062CD600D200FF4180 /* RoutineUser.swift */,
			);
			path = Model;
			sourceTree = "<group>";
		};
		BD1187042CD600BA00FF4180 /* ViewModel */ = {
			isa = PBXGroup;
			children = (
				BD11870A2CD6011100FF4180 /* LoginViewModel.swift */,
			);
			path = ViewModel;
			sourceTree = "<group>";
		};
		BD1187052CD600C200FF4180 /* View */ = {
			isa = PBXGroup;
			children = (
				BD1187082CD6010B00FF4180 /* LoginView.swift */,
			);
			path = View;
			sourceTree = "<group>";
		};
		BD11870C2CD6016B00FF4180 /* Services */ = {
			isa = PBXGroup;
			children = (
				FB2A5A8E2CD7A2B300CB981A /* ServiceError */,
				FB2A5A972CD7B60300CB981A /* AuthService.swift */,
				BD912F8A2CDD2C6E007B8503 /* SwiftDataService.swift */,
				FB2A5ABF2CD92C6C00CB981A /* UserService.swift */,
				FB4174EC2CDB59BF0084BC19 /* RoutineService.swift */,
			);
			path = Services;
			sourceTree = "<group>";
		};
		BD15451E2CD856010098AD7B /* Font */ = {
			isa = PBXGroup;
			children = (
				FB2A5AB02CD909E400CB981A /* Halo Dek.otf */,
				BD15451F2CD856490098AD7B /* Pretendard-Black.otf */,
				BD1545202CD856490098AD7B /* Pretendard-Bold.otf */,
				BD1545212CD856490098AD7B /* Pretendard-ExtraBold.otf */,
				BD1545222CD856490098AD7B /* Pretendard-ExtraLight.otf */,
				BD1545232CD856490098AD7B /* Pretendard-Light.otf */,
				BD1545242CD856490098AD7B /* Pretendard-Medium.otf */,
				BD1545252CD856490098AD7B /* Pretendard-Regular.otf */,
				BD1545262CD856490098AD7B /* Pretendard-SemiBold.otf */,
				BD1545272CD856490098AD7B /* Pretendard-Thin.otf */,
			);
			path = Font;
			sourceTree = "<group>";
		};
		BD1545C62CD92F040098AD7B /* Routine */ = {
			isa = PBXGroup;
			children = (
				BD1545C72CD92F390098AD7B /* View */,
				FB4174F62CDCB6070084BC19 /* ViewModel */,
			);
			path = Routine;
			sourceTree = "<group>";
		};
		BD1545C72CD92F390098AD7B /* View */ = {
			isa = PBXGroup;
			children = (
				BD1545C82CD92F5D0098AD7B /* RoutineListView.swift */,
				BD1545CA2CD937F20098AD7B /* AddRoutineView.swift */,
				4B5BDA932CDA69F20034DED6 /* WeekSetTimeView.swift */,
				4BDCEDA82CDCED39009E924E /* EditRoutineView.swift */,
				4B8E2F3C2CDCAC1100C87072 /* RoutineSetTimeView.swift */,
				FB2A5AC52CD9D5B500CB981A /* NewTaskSheet.swift */,
			);
			path = View;
			sourceTree = "<group>";
		};
		BD1546522CD9A9BA0098AD7B /* Statistic */ = {
			isa = PBXGroup;
			children = (
				BD1546532CD9A9F10098AD7B /* View */,
			);
			path = Statistic;
			sourceTree = "<group>";
		};
		BD1546532CD9A9F10098AD7B /* View */ = {
			isa = PBXGroup;
			children = (
				BD1546542CD9AA090098AD7B /* StatisticView.swift */,
			);
			path = View;
			sourceTree = "<group>";
		};
		BD1546562CD9AA470098AD7B /* Recommend */ = {
			isa = PBXGroup;
			children = (
				BD1546572CD9AA570098AD7B /* View */,
			);
			path = Recommend;
			sourceTree = "<group>";
		};
		BD1546572CD9AA570098AD7B /* View */ = {
			isa = PBXGroup;
			children = (
				BD1546582CD9AA630098AD7B /* RecommendView.swift */,
				BD6301B32CDE3FD50000203C /* RoutineSDView.swift */,
			);
			path = View;
			sourceTree = "<group>";
		};
		BD15465A2CD9AA740098AD7B /* Social */ = {
			isa = PBXGroup;
			children = (
				BD15465B2CD9AA7D0098AD7B /* View */,
			);
			path = Social;
			sourceTree = "<group>";
		};
		BD15465B2CD9AA7D0098AD7B /* View */ = {
			isa = PBXGroup;
			children = (
				BD15465C2CD9AA880098AD7B /* SocialView.swift */,
			);
			path = View;
			sourceTree = "<group>";
		};
		BD15465E2CD9AAB90098AD7B /* MyPage */ = {
			isa = PBXGroup;
			children = (
				BD15465F2CD9AACA0098AD7B /* View */,
			);
			path = MyPage;
			sourceTree = "<group>";
		};
		BD15465F2CD9AACA0098AD7B /* View */ = {
			isa = PBXGroup;
			children = (
				BD1546602CD9AAD50098AD7B /* MyPageView.swift */,
				974596D22CE1C892004C346B /* ProfileEditView.swift */,
			);
			path = View;
			sourceTree = "<group>";
		};
		BDD719C22CD4A89800AE0977 = {
			isa = PBXGroup;
			children = (
				BDD719DF2CD4A8AA00AE0977 /* Rouzzle */,
				BDD719CC2CD4A89800AE0977 /* Products */,
			);
			sourceTree = "<group>";
		};
		BDD719CC2CD4A89800AE0977 /* Products */ = {
			isa = PBXGroup;
			children = (
				BDD719CB2CD4A89800AE0977 /* Rouzzle.app */,
			);
			name = Products;
			sourceTree = "<group>";
		};
		BDD719DF2CD4A8AA00AE0977 /* Rouzzle */ = {
			isa = PBXGroup;
			children = (
				FB2A5AA72CD7F19E00CB981A /* Rouzzle.entitlements */,
				FB2A5A912CD7A31200CB981A /* Info.plist */,
				FB2A5A9B2CD7CDE000CB981A /* Config.xcconfig */,
				BDD719E52CD4A8E100AE0977 /* .swiftlint.yml */,
				BD1187002CD6009600FF4180 /* App */,
				FB4174E52CDB32A20084BC19 /* Model */,
				BD1187012CD6009E00FF4180 /* Features */,
				FB2A5AB22CD90A5C00CB981A /* Store */,
				BD11870C2CD6016B00FF4180 /* Services */,
				BD1186EF2CD5521C00FF4180 /* Utils */,
				BD1186FF2CD6006C00FF4180 /* Resources */,
			);
			path = Rouzzle;
			sourceTree = "<group>";
		};
		FB2A5A8E2CD7A2B300CB981A /* ServiceError */ = {
			isa = PBXGroup;
			children = (
				FB2A5A8F2CD7A2C400CB981A /* AuthError.swift */,
				FB4174F12CDC3FF70084BC19 /* DBError.swift */,
				BD912F8C2CDD32F5007B8503 /* SwiftDataError.swift */,
			);
			path = ServiceError;
			sourceTree = "<group>";
		};
		FB2A5A922CD7B22000CB981A /* Modifier */ = {
			isa = PBXGroup;
			children = (
				FB2A5A932CD7B23600CB981A /* SignUpButtonModifier.swift */,
				FB2A5AC12CD933C500CB981A /* StrokeTextFieldModifier.swift */,
				FB2A5ACC2CDA137200CB981A /* ChipModifier.swift */,
			);
			path = Modifier;
			sourceTree = "<group>";
		};
		FB2A5AA12CD7E64F00CB981A /* Function */ = {
			isa = PBXGroup;
			children = (
				FB2A5AA52CD7E66E00CB981A /* randomNonceString.swift */,
				FB2A5AA82CD7F1F200CB981A /* sha256.swift */,
				FB2A5AB52CD912CD00CB981A /* getDeviceUUID.swift */,
				BD6301B72CDE73550000203C /* ConvertDays.swift */,
			);
			path = Function;
			sourceTree = "<group>";
		};
		FB2A5AAC2CD9096B00CB981A /* Launch */ = {
			isa = PBXGroup;
			children = (
				FB2A5AAE2CD909A500CB981A /* LaunchView.swift */,
				23DBE7712CDA675C0029D4DA /* SplashView.swift */,
				23DBE7782CDA6B310029D4DA /* OnboardingView.swift */,
			);
			path = Launch;
			sourceTree = "<group>";
		};
		FB2A5AB22CD90A5C00CB981A /* Store */ = {
			isa = PBXGroup;
			children = (
				FB2A5AB32CD90A6C00CB981A /* AuthStore.swift */,
				FB4174EF2CDBCD7F0084BC19 /* RoutineStore.swift */,
			);
			path = Store;
			sourceTree = "<group>";
		};
		FB2A5AB72CD92BB100CB981A /* SignUp */ = {
			isa = PBXGroup;
			children = (
				FB2A5AB82CD92BE800CB981A /* View */,
				FB2A5ABA2CD92BF300CB981A /* ViewModel */,
			);
			path = SignUp;
			sourceTree = "<group>";
		};
		FB2A5AB82CD92BE800CB981A /* View */ = {
			isa = PBXGroup;
			children = (
				FB2A5ABB2CD92C1700CB981A /* SignUpView.swift */,
			);
			path = View;
			sourceTree = "<group>";
		};
		FB2A5ABA2CD92BF300CB981A /* ViewModel */ = {
			isa = PBXGroup;
			children = (
				FB2A5ABD2CD92C2500CB981A /* SignUpViewModel.swift */,
			);
			path = ViewModel;
			sourceTree = "<group>";
		};
		FB4174E52CDB32A20084BC19 /* Model */ = {
			isa = PBXGroup;
			children = (
				FB4174E62CDB34B50084BC19 /* Routine.swift */,
				FB4174E82CDB475F0084BC19 /* RoutineCompletion.swift */,
				BD912F882CDD2B24007B8503 /* Item.swift */,
				BDAC7C472CE09D5200BF0379 /* SampleData.swift */,
			);
			path = Model;
			sourceTree = "<group>";
		};
		FB4174F62CDCB6070084BC19 /* ViewModel */ = {
			isa = PBXGroup;
			children = (
				FB4174F72CDCB61C0084BC19 /* NewTaskSheetViewModel.swift */,
				FB4174FB2CDDCABB0084BC19 /* AddRoutineViewModel.swift */,
			);
			path = ViewModel;
			sourceTree = "<group>";
		};
/* End PBXGroup section */

/* Begin PBXNativeTarget section */
		BDD719CA2CD4A89800AE0977 /* Rouzzle */ = {
			isa = PBXNativeTarget;
			buildConfigurationList = BDD719D92CD4A89A00AE0977 /* Build configuration list for PBXNativeTarget "Rouzzle" */;
			buildPhases = (
				BDD719C72CD4A89800AE0977 /* Sources */,
				BDD719C82CD4A89800AE0977 /* Frameworks */,
				BDD719C92CD4A89800AE0977 /* Resources */,
				BDD719E72CD4A90500AE0977 /* ShellScript */,
			);
			buildRules = (
			);
			dependencies = (
			);
			name = Rouzzle;
			packageProductDependencies = (
				FB2A5A662CD5F67000CB981A /* Factory */,
				FB2A5A692CD5F69A00CB981A /* GoogleSignIn */,
				FB2A5A6B2CD5F69A00CB981A /* GoogleSignInSwift */,
				FB2A5A6E2CD5F6CD00CB981A /* KakaoSDKAuth */,
				FB2A5A712CD5F75200CB981A /* FirebaseAuth */,
				FB2A5A732CD5F75200CB981A /* FirebaseFirestore */,
				FB2A5A752CD5F75200CB981A /* FirebaseMessaging */,
				FB2A5A772CD5F75200CB981A /* FirebaseStorage */,
				FB2A5A792CD5F8A100CB981A /* FirebaseCore */,
				FB2A5A9F2CD7D7E800CB981A /* KakaoSDKUser */,
				BD1546632CD9AE530098AD7B /* RiveRuntime */,
				23D7BD242CDD329E000B3DD9 /* EmojiPicker */,
			);
			productName = Rouzzle;
			productReference = BDD719CB2CD4A89800AE0977 /* Rouzzle.app */;
			productType = "com.apple.product-type.application";
		};
/* End PBXNativeTarget section */

/* Begin PBXProject section */
		BDD719C32CD4A89800AE0977 /* Project object */ = {
			isa = PBXProject;
			attributes = {
				BuildIndependentTargetsInParallel = 1;
				LastSwiftUpdateCheck = 1600;
				LastUpgradeCheck = 1600;
				TargetAttributes = {
					BDD719CA2CD4A89800AE0977 = {
						CreatedOnToolsVersion = 16.0;
					};
				};
			};
			buildConfigurationList = BDD719C62CD4A89800AE0977 /* Build configuration list for PBXProject "Rouzzle" */;
			developmentRegion = en;
			hasScannedForEncodings = 0;
			knownRegions = (
				en,
				Base,
			);
			mainGroup = BDD719C22CD4A89800AE0977;
			minimizedProjectReferenceProxies = 1;
			packageReferences = (
				FB2A5A652CD5F67000CB981A /* XCRemoteSwiftPackageReference "Factory" */,
				FB2A5A682CD5F69A00CB981A /* XCRemoteSwiftPackageReference "GoogleSignIn-iOS" */,
				FB2A5A6D2CD5F6CD00CB981A /* XCRemoteSwiftPackageReference "kakao-ios-sdk" */,
				FB2A5A702CD5F75200CB981A /* XCRemoteSwiftPackageReference "firebase-ios-sdk" */,
				BD1546622CD9AE530098AD7B /* XCRemoteSwiftPackageReference "rive-ios" */,
				23D7BD232CDD329E000B3DD9 /* XCRemoteSwiftPackageReference "EmojiPicker" */,
			);
			preferredProjectObjectVersion = 77;
			productRefGroup = BDD719CC2CD4A89800AE0977 /* Products */;
			projectDirPath = "";
			projectRoot = "";
			targets = (
				BDD719CA2CD4A89800AE0977 /* Rouzzle */,
			);
		};
/* End PBXProject section */

/* Begin PBXResourcesBuildPhase section */
		BDD719C92CD4A89800AE0977 /* Resources */ = {
			isa = PBXResourcesBuildPhase;
			buildActionMask = 2147483647;
			files = (
				FB2A5A9C2CD7CDE000CB981A /* Config.xcconfig in Resources */,
				BDD719E62CD4A8E100AE0977 /* .swiftlint.yml in Resources */,
				23B7CC192CDB6FF100C4C44A /* RouzzleLogin.riv in Resources */,
				23DBE77B2CDA6B7F0029D4DA /* RouzzleOnboarding.riv in Resources */,
				BD1545282CD856490098AD7B /* Pretendard-Bold.otf in Resources */,
				BD1545292CD856490098AD7B /* Pretendard-Medium.otf in Resources */,
				BD15452A2CD856490098AD7B /* Pretendard-Black.otf in Resources */,
				BD15452B2CD856490098AD7B /* Pretendard-Regular.otf in Resources */,
				BD15452C2CD856490098AD7B /* Pretendard-ExtraLight.otf in Resources */,
				BD15452D2CD856490098AD7B /* Pretendard-SemiBold.otf in Resources */,
				BD15452E2CD856490098AD7B /* Pretendard-Light.otf in Resources */,
				23DBE7772CDA6A180029D4DA /* RouzzleSplash.riv in Resources */,
				BD15452F2CD856490098AD7B /* Pretendard-ExtraBold.otf in Resources */,
				BD1545302CD856490098AD7B /* Pretendard-Thin.otf in Resources */,
				FB2A5AB12CD909E400CB981A /* Halo Dek.otf in Resources */,
				BDD719E02CD4A8AA00AE0977 /* Assets.xcassets in Resources */,
				FB2A5A7C2CD5F96600CB981A /* GoogleService-Info.plist in Resources */,
			);
			runOnlyForDeploymentPostprocessing = 0;
		};
/* End PBXResourcesBuildPhase section */

/* Begin PBXShellScriptBuildPhase section */
		BDD719E72CD4A90500AE0977 /* ShellScript */ = {
			isa = PBXShellScriptBuildPhase;
			alwaysOutOfDate = 1;
			buildActionMask = 2147483647;
			files = (
			);
			inputFileListPaths = (
			);
			inputPaths = (
			);
			outputFileListPaths = (
			);
			outputPaths = (
			);
			runOnlyForDeploymentPostprocessing = 0;
			shellPath = /bin/sh;
			shellScript = "# Type a script or drag a script file from your workspace to insert its path.\nif [[ \"$(uname -m)\" == arm64 ]]; then\n    export PATH=\"/opt/homebrew/bin:$PATH\"\nfi\n\nif which swiftlint > /dev/null; then\n  swiftlint\nelse\n  echo \"warning: SwiftLint not installed, download from https://github.com/realm/SwiftLint\"\nfi\n";
		};
/* End PBXShellScriptBuildPhase section */

/* Begin PBXSourcesBuildPhase section */
		BDD719C72CD4A89800AE0977 /* Sources */ = {
			isa = PBXSourcesBuildPhase;
			buildActionMask = 2147483647;
			files = (
				BD912F8D2CDD32F5007B8503 /* SwiftDataError.swift in Sources */,
				FB4174ED2CDB59BF0084BC19 /* RoutineService.swift in Sources */,
				974596D32CE1C892004C346B /* ProfileEditView.swift in Sources */,
				97370D1E2CDA8C2100E90D65 /* RoutineStatusPuzzle.swift in Sources */,
				23B7CC202CDC0F4800C4C44A /* RecommendTaskByTime.swift in Sources */,
				FB2A5AA92CD7F1F200CB981A /* sha256.swift in Sources */,
				9736FA792CDB41A0009C2E60 /* AddTaskView.swift in Sources */,
				FB2A5AB42CD90A6C00CB981A /* AuthStore.swift in Sources */,
				BD912F892CDD2B24007B8503 /* Item.swift in Sources */,
				4B5BDA942CDA69F20034DED6 /* WeekSetTimeView.swift in Sources */,
				BD6301B82CDE73550000203C /* ConvertDays.swift in Sources */,
				23D7BD2B2CDD3496000B3DD9 /* EmojiPickerView.swift in Sources */,
				23D7BD372CDD3957000B3DD9 /* EmojiComponents.swift in Sources */,
				BD1546512CD9A7AA0098AD7B /* ContentView.swift in Sources */,
				BD1186F12CD5527400FF4180 /* Array+Extension.swift in Sources */,
				4B8E2F3D2CDCAC1100C87072 /* RoutineSetTimeView.swift in Sources */,
				BD3B03932CDA03A70006F5AD /* TaskStatusPuzzle.swift in Sources */,
				97370D1D2CDA8A5600E90D65 /* Int+Extension.swift in Sources */,
				FBDC52CB2CE067420038243D /* Dictionary+Extension.swift in Sources */,
				FB2A5AC22CD933C500CB981A /* StrokeTextFieldModifier.swift in Sources */,
				BD1546612CD9AAD50098AD7B /* MyPageView.swift in Sources */,
				FB4174F22CDC3FF70084BC19 /* DBError.swift in Sources */,
				FB2A5A9E2CD7D1A500CB981A /* AppSceneDelegate.swift in Sources */,
				FB4174FC2CDDCABB0084BC19 /* AddRoutineViewModel.swift in Sources */,
				BD15465D2CD9AA880098AD7B /* SocialView.swift in Sources */,
				9711587A2CDCAC03008854B0 /* TaskListSheet.swift in Sources */,
				FB2A5ACD2CDA137200CB981A /* ChipModifier.swift in Sources */,
				FB2A5ABC2CD92C1700CB981A /* SignUpView.swift in Sources */,
				FB2A5AA62CD7E66E00CB981A /* randomNonceString.swift in Sources */,
				FB2A5AC02CD92C6C00CB981A /* UserService.swift in Sources */,
				23D7BD2F2CDD360A000B3DD9 /* EmojiSearchKeywords.swift in Sources */,
				FB2A5A9A2CD7BF9200CB981A /* LoadState.swift in Sources */,
				BD1545CB2CD937F20098AD7B /* AddRoutineView.swift in Sources */,
				4BDCEDA92CDCED39009E924E /* EditRoutineView.swift in Sources */,
				FB4174E92CDB475F0084BC19 /* RoutineCompletion.swift in Sources */,
				23DBE7722CDA675C0029D4DA /* SplashView.swift in Sources */,
				BD1546552CD9AA090098AD7B /* StatisticView.swift in Sources */,
				9736FA7B2CDB5D5F009C2E60 /* RoutineSettingsSheet.swift in Sources */,
				FB4174F82CDCB61C0084BC19 /* NewTaskSheetViewModel.swift in Sources */,
				9700427E2CD9DA3900777F43 /* RoutineStartView.swift in Sources */,
				BD15451D2CD7D0710098AD7B /* Date+Extension.swift in Sources */,
				23D7BD2D2CDD35C1000B3DD9 /* EmojiCategory.swift in Sources */,
				FB4174E72CDB34B50084BC19 /* Routine.swift in Sources */,
				BD1187112CD7967600FF4180 /* RouzzleTextField.swift in Sources */,
				BD11870F2CD7952C00FF4180 /* Color+Extension.swift in Sources */,
				BD1186FE2CD5FC5500FF4180 /* RouzzleButton.swift in Sources */,
				FB2A5AAF2CD909A500CB981A /* LaunchView.swift in Sources */,
				BD6301B42CDE3FD50000203C /* RoutineSDView.swift in Sources */,
				23D7BD312CDD37DC000B3DD9 /* EmojiPickerViewModel.swift in Sources */,
				BD1545C52CD928FA0098AD7B /* ComponentView.swift in Sources */,
				970042802CDA095E00777F43 /* RoutineStartViewModel.swift in Sources */,
				9711587C2CDCAC25008854B0 /* RoutineCompleteView.swift in Sources */,
				BD1546662CD9D70D0098AD7B /* EmojiView.swift in Sources */,
				BD1186F62CD5531400FF4180 /* Font+Extension.swift in Sources */,
				23DBE7792CDA6B310029D4DA /* OnboardingView.swift in Sources */,
				BD912F8B2CDD2C6E007B8503 /* SwiftDataService.swift in Sources */,
				FB2A5AB62CD912CD00CB981A /* getDeviceUUID.swift in Sources */,
				23D7BD332CDD3830000B3DD9 /* Emoji+Extension.swift in Sources */,
				FB2A5A982CD7B60300CB981A /* AuthService.swift in Sources */,
				BD1545C92CD92F5D0098AD7B /* RoutineListView.swift in Sources */,
				BD912EF82CDB3857007B8503 /* RecommendTask.swift in Sources */,
				BD1187072CD600E800FF4180 /* RoutineUser.swift in Sources */,
				23B7CC1C2CDC0C0D00C4C44A /* RoutineCategoryByTime.swift in Sources */,
				BD6301B62CDE52E90000203C /* String+Extension.swift in Sources */,
				FB2A5A962CD7B48A00CB981A /* Container.swift in Sources */,
				FB2A5ABE2CD92C2500CB981A /* SignUpViewModel.swift in Sources */,
				23B7CC1E2CDC0CA800C4C44A /* TimeBasedRecommendSetView.swift in Sources */,
				23B7CC222CDC134B00C4C44A /* DashedVerticalLine.swift in Sources */,
				BDAC7C482CE09D5200BF0379 /* SampleData.swift in Sources */,
				FB2A5AC62CD9D5B500CB981A /* NewTaskSheet.swift in Sources */,
				BD1186F42CD5530D00FF4180 /* View+Extension.swift in Sources */,
				BD1187092CD6010D00FF4180 /* LoginView.swift in Sources */,
				FB2A5A942CD7B23600CB981A /* SignUpButtonModifier.swift in Sources */,
				FB2A5A902CD7A2C400CB981A /* AuthError.swift in Sources */,
				9791BB822CDDCB00007BD566 /* FloatingButton.swift in Sources */,
				BD1545CD2CD93AA00098AD7B /* NavigationBackButtonModifier.swift in Sources */,
				BD1546592CD9AA630098AD7B /* RecommendView.swift in Sources */,
				BDD719E22CD4A8AA00AE0977 /* RouzzleApp.swift in Sources */,
				FB4174F02CDBCD7F0084BC19 /* RoutineStore.swift in Sources */,
				BD11870B2CD6011400FF4180 /* LoginViewModel.swift in Sources */,
			);
			runOnlyForDeploymentPostprocessing = 0;
		};
/* End PBXSourcesBuildPhase section */

/* Begin XCBuildConfiguration section */
		BDD719D72CD4A89A00AE0977 /* Debug */ = {
			isa = XCBuildConfiguration;
			buildSettings = {
				ALWAYS_SEARCH_USER_PATHS = NO;
				ASSETCATALOG_COMPILER_GENERATE_SWIFT_ASSET_SYMBOL_EXTENSIONS = YES;
				CLANG_ANALYZER_NONNULL = YES;
				CLANG_ANALYZER_NUMBER_OBJECT_CONVERSION = YES_AGGRESSIVE;
				CLANG_CXX_LANGUAGE_STANDARD = "gnu++20";
				CLANG_ENABLE_MODULES = YES;
				CLANG_ENABLE_OBJC_ARC = YES;
				CLANG_ENABLE_OBJC_WEAK = YES;
				CLANG_WARN_BLOCK_CAPTURE_AUTORELEASING = YES;
				CLANG_WARN_BOOL_CONVERSION = YES;
				CLANG_WARN_COMMA = YES;
				CLANG_WARN_CONSTANT_CONVERSION = YES;
				CLANG_WARN_DEPRECATED_OBJC_IMPLEMENTATIONS = YES;
				CLANG_WARN_DIRECT_OBJC_ISA_USAGE = YES_ERROR;
				CLANG_WARN_DOCUMENTATION_COMMENTS = YES;
				CLANG_WARN_EMPTY_BODY = YES;
				CLANG_WARN_ENUM_CONVERSION = YES;
				CLANG_WARN_INFINITE_RECURSION = YES;
				CLANG_WARN_INT_CONVERSION = YES;
				CLANG_WARN_NON_LITERAL_NULL_CONVERSION = YES;
				CLANG_WARN_OBJC_IMPLICIT_RETAIN_SELF = YES;
				CLANG_WARN_OBJC_LITERAL_CONVERSION = YES;
				CLANG_WARN_OBJC_ROOT_CLASS = YES_ERROR;
				CLANG_WARN_QUOTED_INCLUDE_IN_FRAMEWORK_HEADER = YES;
				CLANG_WARN_RANGE_LOOP_ANALYSIS = YES;
				CLANG_WARN_STRICT_PROTOTYPES = YES;
				CLANG_WARN_SUSPICIOUS_MOVE = YES;
				CLANG_WARN_UNGUARDED_AVAILABILITY = YES_AGGRESSIVE;
				CLANG_WARN_UNREACHABLE_CODE = YES;
				CLANG_WARN__DUPLICATE_METHOD_MATCH = YES;
				COPY_PHASE_STRIP = NO;
				DEBUG_INFORMATION_FORMAT = dwarf;
				ENABLE_STRICT_OBJC_MSGSEND = YES;
				ENABLE_TESTABILITY = YES;
				ENABLE_USER_SCRIPT_SANDBOXING = NO;
				GCC_C_LANGUAGE_STANDARD = gnu17;
				GCC_DYNAMIC_NO_PIC = NO;
				GCC_NO_COMMON_BLOCKS = YES;
				GCC_OPTIMIZATION_LEVEL = 0;
				GCC_PREPROCESSOR_DEFINITIONS = (
					"DEBUG=1",
					"$(inherited)",
				);
				GCC_WARN_64_TO_32_BIT_CONVERSION = YES;
				GCC_WARN_ABOUT_RETURN_TYPE = YES_ERROR;
				GCC_WARN_UNDECLARED_SELECTOR = YES;
				GCC_WARN_UNINITIALIZED_AUTOS = YES_AGGRESSIVE;
				GCC_WARN_UNUSED_FUNCTION = YES;
				GCC_WARN_UNUSED_VARIABLE = YES;
				IPHONEOS_DEPLOYMENT_TARGET = 18.0;
				LOCALIZATION_PREFERS_STRING_CATALOGS = YES;
				MTL_ENABLE_DEBUG_INFO = INCLUDE_SOURCE;
				MTL_FAST_MATH = YES;
				ONLY_ACTIVE_ARCH = YES;
				SDKROOT = iphoneos;
				SWIFT_ACTIVE_COMPILATION_CONDITIONS = "DEBUG $(inherited)";
				SWIFT_OPTIMIZATION_LEVEL = "-Onone";
			};
			name = Debug;
		};
		BDD719D82CD4A89A00AE0977 /* Release */ = {
			isa = XCBuildConfiguration;
			buildSettings = {
				ALWAYS_SEARCH_USER_PATHS = NO;
				ASSETCATALOG_COMPILER_GENERATE_SWIFT_ASSET_SYMBOL_EXTENSIONS = YES;
				CLANG_ANALYZER_NONNULL = YES;
				CLANG_ANALYZER_NUMBER_OBJECT_CONVERSION = YES_AGGRESSIVE;
				CLANG_CXX_LANGUAGE_STANDARD = "gnu++20";
				CLANG_ENABLE_MODULES = YES;
				CLANG_ENABLE_OBJC_ARC = YES;
				CLANG_ENABLE_OBJC_WEAK = YES;
				CLANG_WARN_BLOCK_CAPTURE_AUTORELEASING = YES;
				CLANG_WARN_BOOL_CONVERSION = YES;
				CLANG_WARN_COMMA = YES;
				CLANG_WARN_CONSTANT_CONVERSION = YES;
				CLANG_WARN_DEPRECATED_OBJC_IMPLEMENTATIONS = YES;
				CLANG_WARN_DIRECT_OBJC_ISA_USAGE = YES_ERROR;
				CLANG_WARN_DOCUMENTATION_COMMENTS = YES;
				CLANG_WARN_EMPTY_BODY = YES;
				CLANG_WARN_ENUM_CONVERSION = YES;
				CLANG_WARN_INFINITE_RECURSION = YES;
				CLANG_WARN_INT_CONVERSION = YES;
				CLANG_WARN_NON_LITERAL_NULL_CONVERSION = YES;
				CLANG_WARN_OBJC_IMPLICIT_RETAIN_SELF = YES;
				CLANG_WARN_OBJC_LITERAL_CONVERSION = YES;
				CLANG_WARN_OBJC_ROOT_CLASS = YES_ERROR;
				CLANG_WARN_QUOTED_INCLUDE_IN_FRAMEWORK_HEADER = YES;
				CLANG_WARN_RANGE_LOOP_ANALYSIS = YES;
				CLANG_WARN_STRICT_PROTOTYPES = YES;
				CLANG_WARN_SUSPICIOUS_MOVE = YES;
				CLANG_WARN_UNGUARDED_AVAILABILITY = YES_AGGRESSIVE;
				CLANG_WARN_UNREACHABLE_CODE = YES;
				CLANG_WARN__DUPLICATE_METHOD_MATCH = YES;
				COPY_PHASE_STRIP = NO;
				DEBUG_INFORMATION_FORMAT = "dwarf-with-dsym";
				ENABLE_NS_ASSERTIONS = NO;
				ENABLE_STRICT_OBJC_MSGSEND = YES;
				ENABLE_USER_SCRIPT_SANDBOXING = NO;
				GCC_C_LANGUAGE_STANDARD = gnu17;
				GCC_NO_COMMON_BLOCKS = YES;
				GCC_WARN_64_TO_32_BIT_CONVERSION = YES;
				GCC_WARN_ABOUT_RETURN_TYPE = YES_ERROR;
				GCC_WARN_UNDECLARED_SELECTOR = YES;
				GCC_WARN_UNINITIALIZED_AUTOS = YES_AGGRESSIVE;
				GCC_WARN_UNUSED_FUNCTION = YES;
				GCC_WARN_UNUSED_VARIABLE = YES;
				IPHONEOS_DEPLOYMENT_TARGET = 18.0;
				LOCALIZATION_PREFERS_STRING_CATALOGS = YES;
				MTL_ENABLE_DEBUG_INFO = NO;
				MTL_FAST_MATH = YES;
				SDKROOT = iphoneos;
				SWIFT_COMPILATION_MODE = wholemodule;
				VALIDATE_PRODUCT = YES;
			};
			name = Release;
		};
		BDD719DA2CD4A89A00AE0977 /* Debug */ = {
			isa = XCBuildConfiguration;
			baseConfigurationReference = FB2A5A9B2CD7CDE000CB981A /* Config.xcconfig */;
			buildSettings = {
				ASSETCATALOG_COMPILER_APPICON_NAME = AppIcon;
				ASSETCATALOG_COMPILER_GLOBAL_ACCENT_COLOR_NAME = AccentColor;
				CODE_SIGN_ENTITLEMENTS = Rouzzle/Rouzzle.entitlements;
				CODE_SIGN_STYLE = Automatic;
				CURRENT_PROJECT_VERSION = 1;
				DEVELOPMENT_TEAM = 6R3M7VGRP2;
				ENABLE_PREVIEWS = YES;
				ENABLE_USER_SCRIPT_SANDBOXING = NO;
				GENERATE_INFOPLIST_FILE = YES;
				INFOPLIST_FILE = Rouzzle/Info.plist;
				INFOPLIST_KEY_UIApplicationSceneManifest_Generation = YES;
				INFOPLIST_KEY_UIApplicationSupportsIndirectInputEvents = YES;
				INFOPLIST_KEY_UILaunchScreen_Generation = YES;
				INFOPLIST_KEY_UISupportedInterfaceOrientations_iPad = "UIInterfaceOrientationPortrait UIInterfaceOrientationPortraitUpsideDown UIInterfaceOrientationLandscapeLeft UIInterfaceOrientationLandscapeRight";
				INFOPLIST_KEY_UISupportedInterfaceOrientations_iPhone = "UIInterfaceOrientationPortrait UIInterfaceOrientationLandscapeLeft UIInterfaceOrientationLandscapeRight";
				IPHONEOS_DEPLOYMENT_TARGET = 17.0;
				LD_RUNPATH_SEARCH_PATHS = (
					"$(inherited)",
					"@executable_path/Frameworks",
				);
				MARKETING_VERSION = 1.0;
				PRODUCT_BUNDLE_IDENTIFIER = techit.Rouzzle;
				PRODUCT_NAME = "$(TARGET_NAME)";
				SWIFT_EMIT_LOC_STRINGS = YES;
				SWIFT_VERSION = 5.0;
				TARGETED_DEVICE_FAMILY = "1,2";
			};
			name = Debug;
		};
		BDD719DB2CD4A89A00AE0977 /* Release */ = {
			isa = XCBuildConfiguration;
			buildSettings = {
				ASSETCATALOG_COMPILER_APPICON_NAME = AppIcon;
				ASSETCATALOG_COMPILER_GLOBAL_ACCENT_COLOR_NAME = AccentColor;
				CODE_SIGN_ENTITLEMENTS = Rouzzle/Rouzzle.entitlements;
				CODE_SIGN_STYLE = Automatic;
				CURRENT_PROJECT_VERSION = 1;
				DEVELOPMENT_TEAM = 6R3M7VGRP2;
				ENABLE_PREVIEWS = YES;
				ENABLE_USER_SCRIPT_SANDBOXING = NO;
				GENERATE_INFOPLIST_FILE = YES;
				INFOPLIST_FILE = Rouzzle/Info.plist;
				INFOPLIST_KEY_UIApplicationSceneManifest_Generation = YES;
				INFOPLIST_KEY_UIApplicationSupportsIndirectInputEvents = YES;
				INFOPLIST_KEY_UILaunchScreen_Generation = YES;
				INFOPLIST_KEY_UISupportedInterfaceOrientations_iPad = "UIInterfaceOrientationPortrait UIInterfaceOrientationPortraitUpsideDown UIInterfaceOrientationLandscapeLeft UIInterfaceOrientationLandscapeRight";
				INFOPLIST_KEY_UISupportedInterfaceOrientations_iPhone = "UIInterfaceOrientationPortrait UIInterfaceOrientationLandscapeLeft UIInterfaceOrientationLandscapeRight";
				IPHONEOS_DEPLOYMENT_TARGET = 17.0;
				LD_RUNPATH_SEARCH_PATHS = (
					"$(inherited)",
					"@executable_path/Frameworks",
				);
				MARKETING_VERSION = 1.0;
				PRODUCT_BUNDLE_IDENTIFIER = techit.Rouzzle;
				PRODUCT_NAME = "$(TARGET_NAME)";
				SWIFT_EMIT_LOC_STRINGS = YES;
				SWIFT_VERSION = 5.0;
				TARGETED_DEVICE_FAMILY = "1,2";
			};
			name = Release;
		};
/* End XCBuildConfiguration section */

/* Begin XCConfigurationList section */
		BDD719C62CD4A89800AE0977 /* Build configuration list for PBXProject "Rouzzle" */ = {
			isa = XCConfigurationList;
			buildConfigurations = (
				BDD719D72CD4A89A00AE0977 /* Debug */,
				BDD719D82CD4A89A00AE0977 /* Release */,
			);
			defaultConfigurationIsVisible = 0;
			defaultConfigurationName = Release;
		};
		BDD719D92CD4A89A00AE0977 /* Build configuration list for PBXNativeTarget "Rouzzle" */ = {
			isa = XCConfigurationList;
			buildConfigurations = (
				BDD719DA2CD4A89A00AE0977 /* Debug */,
				BDD719DB2CD4A89A00AE0977 /* Release */,
			);
			defaultConfigurationIsVisible = 0;
			defaultConfigurationName = Release;
		};
/* End XCConfigurationList section */

/* Begin XCRemoteSwiftPackageReference section */
		23D7BD232CDD329E000B3DD9 /* XCRemoteSwiftPackageReference "EmojiPicker" */ = {
			isa = XCRemoteSwiftPackageReference;
			repositoryURL = "https://github.com/Kelvas09/EmojiPicker";
			requirement = {
				kind = upToNextMajorVersion;
				minimumVersion = 1.0.1;
			};
		};
		BD1546622CD9AE530098AD7B /* XCRemoteSwiftPackageReference "rive-ios" */ = {
			isa = XCRemoteSwiftPackageReference;
			repositoryURL = "https://github.com/rive-app/rive-ios";
			requirement = {
				kind = upToNextMajorVersion;
				minimumVersion = 6.3.2;
			};
		};
		FB2A5A652CD5F67000CB981A /* XCRemoteSwiftPackageReference "Factory" */ = {
			isa = XCRemoteSwiftPackageReference;
			repositoryURL = "https://github.com/hmlongco/Factory";
			requirement = {
				kind = upToNextMajorVersion;
				minimumVersion = 2.4.1;
			};
		};
		FB2A5A682CD5F69A00CB981A /* XCRemoteSwiftPackageReference "GoogleSignIn-iOS" */ = {
			isa = XCRemoteSwiftPackageReference;
			repositoryURL = "https://github.com/google/GoogleSignIn-iOS";
			requirement = {
				kind = upToNextMajorVersion;
				minimumVersion = 8.0.0;
			};
		};
		FB2A5A6D2CD5F6CD00CB981A /* XCRemoteSwiftPackageReference "kakao-ios-sdk" */ = {
			isa = XCRemoteSwiftPackageReference;
			repositoryURL = "https://github.com/kakao/kakao-ios-sdk";
			requirement = {
				kind = upToNextMajorVersion;
				minimumVersion = 2.23.0;
			};
		};
		FB2A5A702CD5F75200CB981A /* XCRemoteSwiftPackageReference "firebase-ios-sdk" */ = {
			isa = XCRemoteSwiftPackageReference;
			repositoryURL = "https://github.com/firebase/firebase-ios-sdk";
			requirement = {
				kind = upToNextMajorVersion;
				minimumVersion = 11.4.0;
			};
		};
/* End XCRemoteSwiftPackageReference section */

/* Begin XCSwiftPackageProductDependency section */
		23D7BD242CDD329E000B3DD9 /* EmojiPicker */ = {
			isa = XCSwiftPackageProductDependency;
			package = 23D7BD232CDD329E000B3DD9 /* XCRemoteSwiftPackageReference "EmojiPicker" */;
			productName = EmojiPicker;
		};
		BD1546632CD9AE530098AD7B /* RiveRuntime */ = {
			isa = XCSwiftPackageProductDependency;
			package = BD1546622CD9AE530098AD7B /* XCRemoteSwiftPackageReference "rive-ios" */;
			productName = RiveRuntime;
		};
		FB2A5A662CD5F67000CB981A /* Factory */ = {
			isa = XCSwiftPackageProductDependency;
			package = FB2A5A652CD5F67000CB981A /* XCRemoteSwiftPackageReference "Factory" */;
			productName = Factory;
		};
		FB2A5A692CD5F69A00CB981A /* GoogleSignIn */ = {
			isa = XCSwiftPackageProductDependency;
			package = FB2A5A682CD5F69A00CB981A /* XCRemoteSwiftPackageReference "GoogleSignIn-iOS" */;
			productName = GoogleSignIn;
		};
		FB2A5A6B2CD5F69A00CB981A /* GoogleSignInSwift */ = {
			isa = XCSwiftPackageProductDependency;
			package = FB2A5A682CD5F69A00CB981A /* XCRemoteSwiftPackageReference "GoogleSignIn-iOS" */;
			productName = GoogleSignInSwift;
		};
		FB2A5A6E2CD5F6CD00CB981A /* KakaoSDKAuth */ = {
			isa = XCSwiftPackageProductDependency;
			package = FB2A5A6D2CD5F6CD00CB981A /* XCRemoteSwiftPackageReference "kakao-ios-sdk" */;
			productName = KakaoSDKAuth;
		};
		FB2A5A712CD5F75200CB981A /* FirebaseAuth */ = {
			isa = XCSwiftPackageProductDependency;
			package = FB2A5A702CD5F75200CB981A /* XCRemoteSwiftPackageReference "firebase-ios-sdk" */;
			productName = FirebaseAuth;
		};
		FB2A5A732CD5F75200CB981A /* FirebaseFirestore */ = {
			isa = XCSwiftPackageProductDependency;
			package = FB2A5A702CD5F75200CB981A /* XCRemoteSwiftPackageReference "firebase-ios-sdk" */;
			productName = FirebaseFirestore;
		};
		FB2A5A752CD5F75200CB981A /* FirebaseMessaging */ = {
			isa = XCSwiftPackageProductDependency;
			package = FB2A5A702CD5F75200CB981A /* XCRemoteSwiftPackageReference "firebase-ios-sdk" */;
			productName = FirebaseMessaging;
		};
		FB2A5A772CD5F75200CB981A /* FirebaseStorage */ = {
			isa = XCSwiftPackageProductDependency;
			package = FB2A5A702CD5F75200CB981A /* XCRemoteSwiftPackageReference "firebase-ios-sdk" */;
			productName = FirebaseStorage;
		};
		FB2A5A792CD5F8A100CB981A /* FirebaseCore */ = {
			isa = XCSwiftPackageProductDependency;
			package = FB2A5A702CD5F75200CB981A /* XCRemoteSwiftPackageReference "firebase-ios-sdk" */;
			productName = FirebaseCore;
		};
		FB2A5A9F2CD7D7E800CB981A /* KakaoSDKUser */ = {
			isa = XCSwiftPackageProductDependency;
			package = FB2A5A6D2CD5F6CD00CB981A /* XCRemoteSwiftPackageReference "kakao-ios-sdk" */;
			productName = KakaoSDKUser;
		};
/* End XCSwiftPackageProductDependency section */
	};
	rootObject = BDD719C32CD4A89800AE0977 /* Project object */;
}
